Microsoft Visual Studio Solution File, Format Version 12.00
# 
Project("{2150E333-8FDC-42A3-9474-1A3956D46DE8}") = "Solution Items", "Solution Items", "{B283EBC2-E01F-412D-9339-FD56EF114549}"
	ProjectSection(SolutionItems) = preProject
		..\..\..\..\Directory.Build.props = ..\..\..\..\Directory.Build.props
		..\..\..\..\Directory.Build.targets = ..\..\..\..\Directory.Build.targets
		..\..\..\..\global.json = ..\..\..\..\global.json
		..\..\..\..\Packages\Versions.Local.props = ..\..\..\..\Packages\Versions.Local.props
	EndProjectSection
EndProject
Project("{FAE04EC0-301F-11D3-BF4B-00C04F79EFBC}") = "Dgmjr.AspNetCore.Hashids", "Dgmjr.AspNetCore.Hashids.csproj", "{5039A668-1BBD-4742-A7C1-F573DB8B579C}"
EndProject
Global
	GlobalSection(SolutionConfigurationPlatforms) = preSolution
		Local|Any CPU = Local|Any CPU
		Debug|Any CPU = Debug|Any CPU
		Testing|Any CPU = Testing|Any CPU
		Staging|Any CPU = Staging|Any CPU
		Production|Any CPU = Production|Any CPU
		Release|Any CPU = Release|Any CPU
	EndGlobalSection
	GlobalSection(ProjectConfigurationPlatforms) = postSolution
		{5039A668-1BBD-4742-A7C1-F573DB8B579C}.Local|Any CPU.ActiveCfg = Local|Any CPU
		{5039A668-1BBD-4742-A7C1-F573DB8B579C}.Local|Any CPU.Build.0 = Local|Any CPU
		{5039A668-1BBD-4742-A7C1-F573DB8B579C}.Debug|Any CPU.ActiveCfg = Debug|Any CPU
		{5039A668-1BBD-4742-A7C1-F573DB8B579C}.Debug|Any CPU.Build.0 = Debug|Any CPU
		{5039A668-1BBD-4742-A7C1-F573DB8B579C}.Testing|Any CPU.ActiveCfg = Testing|Any CPU
		{5039A668-1BBD-4742-A7C1-F573DB8B579C}.Testing|Any CPU.Build.0 = Testing|Any CPU
		{5039A668-1BBD-4742-A7C1-F573DB8B579C}.Staging|Any CPU.ActiveCfg = Staging|Any CPU
		{5039A668-1BBD-4742-A7C1-F573DB8B579C}.Staging|Any CPU.Build.0 = Staging|Any CPU
		{5039A668-1BBD-4742-A7C1-F573DB8B579C}.Production|Any CPU.ActiveCfg = Local|Any CPU
		{5039A668-1BBD-4742-A7C1-F573DB8B579C}.Production|Any CPU.Build.0 = Local|Any CPU
		{5039A668-1BBD-4742-A7C1-F573DB8B579C}.Release|Any CPU.ActiveCfg = Release|Any CPU
		{5039A668-1BBD-4742-A7C1-F573DB8B579C}.Release|Any CPU.Build.0 = Release|Any CPU
	EndGlobalSection
	GlobalSection(SolutionProperties) = preSolution
		HideSolutionNode = FALSE
	EndGlobalSection
	GlobalSection(ExtensibilityGlobals) = postSolution
		SolutionGuid = {616BA374-D548-4E8A-BE49-F936030D0CE5}
	EndGlobalSection
EndGlobal
