Microsoft Visual Studio Solution File, Format Version 12.00
# 
Project("{2150E333-8FDC-42A3-9474-1A3956D46DE8}") = "Solution Items", "Solution Items", "{B283EBC2-E01F-412D-9339-FD56EF114549}"
	ProjectSection(SolutionItems) = preProject
		..\..\..\..\Directory.Build.props = ..\..\..\..\Directory.Build.props
		..\..\..\..\Directory.Build.targets = ..\..\..\..\Directory.Build.targets
		..\..\..\..\global.json = ..\..\..\..\global.json
		..\..\..\..\Packages\Versions.Local.props = ..\..\..\..\Packages\Versions.Local.props
	EndProjectSection
EndProject
Project("{FAE04EC0-301F-11D3-BF4B-00C04F79EFBC}") = "Dgmjr.Http.Meta", "..\Http\Meta\Dgmjr.Http.Meta.csproj", "{ECD16065-C261-43AA-AC17-B76276DC5567}"
EndProject
Project("{FAE04EC0-301F-11D3-BF4B-00C04F79EFBC}") = "System.Net.Mime.MediaTypeNames", "..\Http\MediaTypeNames\System.Net.Mime.MediaTypeNames.csproj", "{F79DBD13-861B-4958-9D60-88F7582E93AD}"
EndProject
Project("{FAE04EC0-301F-11D3-BF4B-00C04F79EFBC}") = "Dgmjr.AspNetCore.Formatters", "Dgmjr.AspNetCore.Formatters.csproj", "{18C11583-963B-40B3-9D0E-11BC31D7F1B6}"
EndProject
Project("{FAE04EC0-301F-11D3-BF4B-00C04F79EFBC}") = "Dgmjr.Http", "..\Http\Headers\Dgmjr.Http.csproj", "{152D4C82-C156-473B-AE7E-281F951ED2CF}"
EndProject
Project("{FAE04EC0-301F-11D3-BF4B-00C04F79EFBC}") = "Dgmjr.Mime", "..\Http\Mime\Dgmjr.Mime.csproj", "{74FD0EB6-247C-4B5D-9C8C-FAE7E117BB37}"
EndProject
Global
	GlobalSection(SolutionConfigurationPlatforms) = preSolution
		Debug|Any CPU = Debug|Any CPU
		Debug|x64 = Debug|x64
		Debug|x86 = Debug|x86
		Release|Any CPU = Release|Any CPU
		Release|x64 = Release|x64
		Release|x86 = Release|x86
	EndGlobalSection
	GlobalSection(ProjectConfigurationPlatforms) = postSolution
		{ECD16065-C261-43AA-AC17-B76276DC5567}.Debug|Any CPU.ActiveCfg = Debug|Any CPU
		{ECD16065-C261-43AA-AC17-B76276DC5567}.Debug|Any CPU.Build.0 = Debug|Any CPU
		{ECD16065-C261-43AA-AC17-B76276DC5567}.Debug|x64.ActiveCfg = Debug|Any CPU
		{ECD16065-C261-43AA-AC17-B76276DC5567}.Debug|x64.Build.0 = Debug|Any CPU
		{ECD16065-C261-43AA-AC17-B76276DC5567}.Debug|x86.ActiveCfg = Debug|Any CPU
		{ECD16065-C261-43AA-AC17-B76276DC5567}.Debug|x86.Build.0 = Debug|Any CPU
		{ECD16065-C261-43AA-AC17-B76276DC5567}.Release|Any CPU.ActiveCfg = Release|Any CPU
		{ECD16065-C261-43AA-AC17-B76276DC5567}.Release|Any CPU.Build.0 = Release|Any CPU
		{ECD16065-C261-43AA-AC17-B76276DC5567}.Release|x64.ActiveCfg = Release|Any CPU
		{ECD16065-C261-43AA-AC17-B76276DC5567}.Release|x64.Build.0 = Release|Any CPU
		{ECD16065-C261-43AA-AC17-B76276DC5567}.Release|x86.ActiveCfg = Release|Any CPU
		{ECD16065-C261-43AA-AC17-B76276DC5567}.Release|x86.Build.0 = Release|Any CPU
		{F79DBD13-861B-4958-9D60-88F7582E93AD}.Debug|Any CPU.ActiveCfg = Debug|Any CPU
		{F79DBD13-861B-4958-9D60-88F7582E93AD}.Debug|Any CPU.Build.0 = Debug|Any CPU
		{F79DBD13-861B-4958-9D60-88F7582E93AD}.Debug|x64.ActiveCfg = Debug|Any CPU
		{F79DBD13-861B-4958-9D60-88F7582E93AD}.Debug|x64.Build.0 = Debug|Any CPU
		{F79DBD13-861B-4958-9D60-88F7582E93AD}.Debug|x86.ActiveCfg = Debug|Any CPU
		{F79DBD13-861B-4958-9D60-88F7582E93AD}.Debug|x86.Build.0 = Debug|Any CPU
		{F79DBD13-861B-4958-9D60-88F7582E93AD}.Release|Any CPU.ActiveCfg = Release|Any CPU
		{F79DBD13-861B-4958-9D60-88F7582E93AD}.Release|Any CPU.Build.0 = Release|Any CPU
		{F79DBD13-861B-4958-9D60-88F7582E93AD}.Release|x64.ActiveCfg = Release|Any CPU
		{F79DBD13-861B-4958-9D60-88F7582E93AD}.Release|x64.Build.0 = Release|Any CPU
		{F79DBD13-861B-4958-9D60-88F7582E93AD}.Release|x86.ActiveCfg = Release|Any CPU
		{F79DBD13-861B-4958-9D60-88F7582E93AD}.Release|x86.Build.0 = Release|Any CPU
		{18C11583-963B-40B3-9D0E-11BC31D7F1B6}.Debug|Any CPU.ActiveCfg = Debug|Any CPU
		{18C11583-963B-40B3-9D0E-11BC31D7F1B6}.Debug|Any CPU.Build.0 = Debug|Any CPU
		{18C11583-963B-40B3-9D0E-11BC31D7F1B6}.Debug|x64.ActiveCfg = Debug|Any CPU
		{18C11583-963B-40B3-9D0E-11BC31D7F1B6}.Debug|x64.Build.0 = Debug|Any CPU
		{18C11583-963B-40B3-9D0E-11BC31D7F1B6}.Debug|x86.ActiveCfg = Debug|Any CPU
		{18C11583-963B-40B3-9D0E-11BC31D7F1B6}.Debug|x86.Build.0 = Debug|Any CPU
		{18C11583-963B-40B3-9D0E-11BC31D7F1B6}.Release|Any CPU.ActiveCfg = Release|Any CPU
		{18C11583-963B-40B3-9D0E-11BC31D7F1B6}.Release|Any CPU.Build.0 = Release|Any CPU
		{18C11583-963B-40B3-9D0E-11BC31D7F1B6}.Release|x64.ActiveCfg = Release|Any CPU
		{18C11583-963B-40B3-9D0E-11BC31D7F1B6}.Release|x64.Build.0 = Release|Any CPU
		{18C11583-963B-40B3-9D0E-11BC31D7F1B6}.Release|x86.ActiveCfg = Release|Any CPU
		{18C11583-963B-40B3-9D0E-11BC31D7F1B6}.Release|x86.Build.0 = Release|Any CPU
		{152D4C82-C156-473B-AE7E-281F951ED2CF}.Debug|Any CPU.ActiveCfg = Debug|Any CPU
		{152D4C82-C156-473B-AE7E-281F951ED2CF}.Debug|Any CPU.Build.0 = Debug|Any CPU
		{152D4C82-C156-473B-AE7E-281F951ED2CF}.Debug|x64.ActiveCfg = Debug|Any CPU
		{152D4C82-C156-473B-AE7E-281F951ED2CF}.Debug|x64.Build.0 = Debug|Any CPU
		{152D4C82-C156-473B-AE7E-281F951ED2CF}.Debug|x86.ActiveCfg = Debug|Any CPU
		{152D4C82-C156-473B-AE7E-281F951ED2CF}.Debug|x86.Build.0 = Debug|Any CPU
		{152D4C82-C156-473B-AE7E-281F951ED2CF}.Release|Any CPU.ActiveCfg = Release|Any CPU
		{152D4C82-C156-473B-AE7E-281F951ED2CF}.Release|Any CPU.Build.0 = Release|Any CPU
		{152D4C82-C156-473B-AE7E-281F951ED2CF}.Release|x64.ActiveCfg = Release|Any CPU
		{152D4C82-C156-473B-AE7E-281F951ED2CF}.Release|x64.Build.0 = Release|Any CPU
		{152D4C82-C156-473B-AE7E-281F951ED2CF}.Release|x86.ActiveCfg = Release|Any CPU
		{152D4C82-C156-473B-AE7E-281F951ED2CF}.Release|x86.Build.0 = Release|Any CPU
		{74FD0EB6-247C-4B5D-9C8C-FAE7E117BB37}.Debug|Any CPU.ActiveCfg = Debug|Any CPU
		{74FD0EB6-247C-4B5D-9C8C-FAE7E117BB37}.Debug|Any CPU.Build.0 = Debug|Any CPU
		{74FD0EB6-247C-4B5D-9C8C-FAE7E117BB37}.Debug|x64.ActiveCfg = Debug|Any CPU
		{74FD0EB6-247C-4B5D-9C8C-FAE7E117BB37}.Debug|x64.Build.0 = Debug|Any CPU
		{74FD0EB6-247C-4B5D-9C8C-FAE7E117BB37}.Debug|x86.ActiveCfg = Debug|Any CPU
		{74FD0EB6-247C-4B5D-9C8C-FAE7E117BB37}.Debug|x86.Build.0 = Debug|Any CPU
		{74FD0EB6-247C-4B5D-9C8C-FAE7E117BB37}.Release|Any CPU.ActiveCfg = Release|Any CPU
		{74FD0EB6-247C-4B5D-9C8C-FAE7E117BB37}.Release|Any CPU.Build.0 = Release|Any CPU
		{74FD0EB6-247C-4B5D-9C8C-FAE7E117BB37}.Release|x64.ActiveCfg = Release|Any CPU
		{74FD0EB6-247C-4B5D-9C8C-FAE7E117BB37}.Release|x64.Build.0 = Release|Any CPU
		{74FD0EB6-247C-4B5D-9C8C-FAE7E117BB37}.Release|x86.ActiveCfg = Release|Any CPU
		{74FD0EB6-247C-4B5D-9C8C-FAE7E117BB37}.Release|x86.Build.0 = Release|Any CPU
	EndGlobalSection
	GlobalSection(SolutionProperties) = preSolution
		HideSolutionNode = FALSE
	EndGlobalSection
	GlobalSection(ExtensibilityGlobals) = postSolution
		SolutionGuid = {37F9EC9E-D270-49A4-83CC-4D4418282B0A}
	EndGlobalSection
EndGlobal
