Microsoft Visual Studio Solution File, Format Version 12.00
# 
Project("{2150E333-8FDC-42A3-9474-1A3956D46DE8}") = "Solution Items", "Solution Items", "{B283EBC2-E01F-412D-9339-FD56EF114549}"
	ProjectSection(SolutionItems) = preProject
		..\..\..\..\Directory.Build.props = ..\..\..\..\Directory.Build.props
		..\..\..\..\Directory.Build.targets = ..\..\..\..\Directory.Build.targets
		..\..\..\..\global.json = ..\..\..\..\global.json
		..\..\..\..\Packages\Versions.Local.props = ..\..\..\..\Packages\Versions.Local.props
	EndProjectSection
EndProject
Project("{FAE04EC0-301F-11D3-BF4B-00C04F79EFBC}") = "Dgmjr.Http.Extensions", "..\Http\Extensions\Dgmjr.Http.Extensions.csproj", "{F52D8A04-CD74-4A5D-900F-9DF28DCCE542}"
EndProject
Project("{FAE04EC0-301F-11D3-BF4B-00C04F79EFBC}") = "Dgmjr.Http.Meta", "..\Http\Meta\Dgmjr.Http.Meta.csproj", "{F7B48D1E-7C48-4D14-B10A-E63207E9CAC0}"
EndProject
Project("{FAE04EC0-301F-11D3-BF4B-00C04F79EFBC}") = "System.Net.Mime.MediaTypeNames", "..\Http\MediaTypeNames\System.Net.Mime.MediaTypeNames.csproj", "{26B75E31-8B1E-4992-813F-794D9D88F66C}"
EndProject
Project("{FAE04EC0-301F-11D3-BF4B-00C04F79EFBC}") = "Dgmjr.Payloads", "Dgmjr.Payloads.csproj", "{38B535BE-FEDB-47DF-ABF5-34B925307D89}"
EndProject
Project("{FAE04EC0-301F-11D3-BF4B-00C04F79EFBC}") = "Dgmjr.Http", "..\Http\Headers\Dgmjr.Http.csproj", "{DC69F00F-6626-49F8-A60E-70B582DD197F}"
EndProject
Project("{FAE04EC0-301F-11D3-BF4B-00C04F79EFBC}") = "Dgmjr.Mime", "..\Http\Mime\Dgmjr.Mime.csproj", "{B9D7F9F1-BDAE-4329-8F5B-EB9959C25E3E}"
EndProject
Global
	GlobalSection(SolutionConfigurationPlatforms) = preSolution
		Debug|Any CPU = Debug|Any CPU
		Debug|x64 = Debug|x64
		Debug|x86 = Debug|x86
		Release|Any CPU = Release|Any CPU
		Release|x64 = Release|x64
		Release|x86 = Release|x86
	EndGlobalSection
	GlobalSection(ProjectConfigurationPlatforms) = postSolution
		{F52D8A04-CD74-4A5D-900F-9DF28DCCE542}.Debug|Any CPU.ActiveCfg = Debug|Any CPU
		{F52D8A04-CD74-4A5D-900F-9DF28DCCE542}.Debug|Any CPU.Build.0 = Debug|Any CPU
		{F52D8A04-CD74-4A5D-900F-9DF28DCCE542}.Debug|x64.ActiveCfg = Debug|Any CPU
		{F52D8A04-CD74-4A5D-900F-9DF28DCCE542}.Debug|x64.Build.0 = Debug|Any CPU
		{F52D8A04-CD74-4A5D-900F-9DF28DCCE542}.Debug|x86.ActiveCfg = Debug|Any CPU
		{F52D8A04-CD74-4A5D-900F-9DF28DCCE542}.Debug|x86.Build.0 = Debug|Any CPU
		{F52D8A04-CD74-4A5D-900F-9DF28DCCE542}.Release|Any CPU.ActiveCfg = Release|Any CPU
		{F52D8A04-CD74-4A5D-900F-9DF28DCCE542}.Release|Any CPU.Build.0 = Release|Any CPU
		{F52D8A04-CD74-4A5D-900F-9DF28DCCE542}.Release|x64.ActiveCfg = Release|Any CPU
		{F52D8A04-CD74-4A5D-900F-9DF28DCCE542}.Release|x64.Build.0 = Release|Any CPU
		{F52D8A04-CD74-4A5D-900F-9DF28DCCE542}.Release|x86.ActiveCfg = Release|Any CPU
		{F52D8A04-CD74-4A5D-900F-9DF28DCCE542}.Release|x86.Build.0 = Release|Any CPU
		{F7B48D1E-7C48-4D14-B10A-E63207E9CAC0}.Debug|Any CPU.ActiveCfg = Debug|Any CPU
		{F7B48D1E-7C48-4D14-B10A-E63207E9CAC0}.Debug|Any CPU.Build.0 = Debug|Any CPU
		{F7B48D1E-7C48-4D14-B10A-E63207E9CAC0}.Debug|x64.ActiveCfg = Debug|Any CPU
		{F7B48D1E-7C48-4D14-B10A-E63207E9CAC0}.Debug|x64.Build.0 = Debug|Any CPU
		{F7B48D1E-7C48-4D14-B10A-E63207E9CAC0}.Debug|x86.ActiveCfg = Debug|Any CPU
		{F7B48D1E-7C48-4D14-B10A-E63207E9CAC0}.Debug|x86.Build.0 = Debug|Any CPU
		{F7B48D1E-7C48-4D14-B10A-E63207E9CAC0}.Release|Any CPU.ActiveCfg = Release|Any CPU
		{F7B48D1E-7C48-4D14-B10A-E63207E9CAC0}.Release|Any CPU.Build.0 = Release|Any CPU
		{F7B48D1E-7C48-4D14-B10A-E63207E9CAC0}.Release|x64.ActiveCfg = Release|Any CPU
		{F7B48D1E-7C48-4D14-B10A-E63207E9CAC0}.Release|x64.Build.0 = Release|Any CPU
		{F7B48D1E-7C48-4D14-B10A-E63207E9CAC0}.Release|x86.ActiveCfg = Release|Any CPU
		{F7B48D1E-7C48-4D14-B10A-E63207E9CAC0}.Release|x86.Build.0 = Release|Any CPU
		{26B75E31-8B1E-4992-813F-794D9D88F66C}.Debug|Any CPU.ActiveCfg = Debug|Any CPU
		{26B75E31-8B1E-4992-813F-794D9D88F66C}.Debug|Any CPU.Build.0 = Debug|Any CPU
		{26B75E31-8B1E-4992-813F-794D9D88F66C}.Debug|x64.ActiveCfg = Debug|Any CPU
		{26B75E31-8B1E-4992-813F-794D9D88F66C}.Debug|x64.Build.0 = Debug|Any CPU
		{26B75E31-8B1E-4992-813F-794D9D88F66C}.Debug|x86.ActiveCfg = Debug|Any CPU
		{26B75E31-8B1E-4992-813F-794D9D88F66C}.Debug|x86.Build.0 = Debug|Any CPU
		{26B75E31-8B1E-4992-813F-794D9D88F66C}.Release|Any CPU.ActiveCfg = Release|Any CPU
		{26B75E31-8B1E-4992-813F-794D9D88F66C}.Release|Any CPU.Build.0 = Release|Any CPU
		{26B75E31-8B1E-4992-813F-794D9D88F66C}.Release|x64.ActiveCfg = Release|Any CPU
		{26B75E31-8B1E-4992-813F-794D9D88F66C}.Release|x64.Build.0 = Release|Any CPU
		{26B75E31-8B1E-4992-813F-794D9D88F66C}.Release|x86.ActiveCfg = Release|Any CPU
		{26B75E31-8B1E-4992-813F-794D9D88F66C}.Release|x86.Build.0 = Release|Any CPU
		{38B535BE-FEDB-47DF-ABF5-34B925307D89}.Debug|Any CPU.ActiveCfg = Debug|Any CPU
		{38B535BE-FEDB-47DF-ABF5-34B925307D89}.Debug|Any CPU.Build.0 = Debug|Any CPU
		{38B535BE-FEDB-47DF-ABF5-34B925307D89}.Debug|x64.ActiveCfg = Debug|Any CPU
		{38B535BE-FEDB-47DF-ABF5-34B925307D89}.Debug|x64.Build.0 = Debug|Any CPU
		{38B535BE-FEDB-47DF-ABF5-34B925307D89}.Debug|x86.ActiveCfg = Debug|Any CPU
		{38B535BE-FEDB-47DF-ABF5-34B925307D89}.Debug|x86.Build.0 = Debug|Any CPU
		{38B535BE-FEDB-47DF-ABF5-34B925307D89}.Release|Any CPU.ActiveCfg = Release|Any CPU
		{38B535BE-FEDB-47DF-ABF5-34B925307D89}.Release|Any CPU.Build.0 = Release|Any CPU
		{38B535BE-FEDB-47DF-ABF5-34B925307D89}.Release|x64.ActiveCfg = Release|Any CPU
		{38B535BE-FEDB-47DF-ABF5-34B925307D89}.Release|x64.Build.0 = Release|Any CPU
		{38B535BE-FEDB-47DF-ABF5-34B925307D89}.Release|x86.ActiveCfg = Release|Any CPU
		{38B535BE-FEDB-47DF-ABF5-34B925307D89}.Release|x86.Build.0 = Release|Any CPU
		{DC69F00F-6626-49F8-A60E-70B582DD197F}.Debug|Any CPU.ActiveCfg = Debug|Any CPU
		{DC69F00F-6626-49F8-A60E-70B582DD197F}.Debug|Any CPU.Build.0 = Debug|Any CPU
		{DC69F00F-6626-49F8-A60E-70B582DD197F}.Debug|x64.ActiveCfg = Debug|Any CPU
		{DC69F00F-6626-49F8-A60E-70B582DD197F}.Debug|x64.Build.0 = Debug|Any CPU
		{DC69F00F-6626-49F8-A60E-70B582DD197F}.Debug|x86.ActiveCfg = Debug|Any CPU
		{DC69F00F-6626-49F8-A60E-70B582DD197F}.Debug|x86.Build.0 = Debug|Any CPU
		{DC69F00F-6626-49F8-A60E-70B582DD197F}.Release|Any CPU.ActiveCfg = Release|Any CPU
		{DC69F00F-6626-49F8-A60E-70B582DD197F}.Release|Any CPU.Build.0 = Release|Any CPU
		{DC69F00F-6626-49F8-A60E-70B582DD197F}.Release|x64.ActiveCfg = Release|Any CPU
		{DC69F00F-6626-49F8-A60E-70B582DD197F}.Release|x64.Build.0 = Release|Any CPU
		{DC69F00F-6626-49F8-A60E-70B582DD197F}.Release|x86.ActiveCfg = Release|Any CPU
		{DC69F00F-6626-49F8-A60E-70B582DD197F}.Release|x86.Build.0 = Release|Any CPU
		{B9D7F9F1-BDAE-4329-8F5B-EB9959C25E3E}.Debug|Any CPU.ActiveCfg = Debug|Any CPU
		{B9D7F9F1-BDAE-4329-8F5B-EB9959C25E3E}.Debug|Any CPU.Build.0 = Debug|Any CPU
		{B9D7F9F1-BDAE-4329-8F5B-EB9959C25E3E}.Debug|x64.ActiveCfg = Debug|Any CPU
		{B9D7F9F1-BDAE-4329-8F5B-EB9959C25E3E}.Debug|x64.Build.0 = Debug|Any CPU
		{B9D7F9F1-BDAE-4329-8F5B-EB9959C25E3E}.Debug|x86.ActiveCfg = Debug|Any CPU
		{B9D7F9F1-BDAE-4329-8F5B-EB9959C25E3E}.Debug|x86.Build.0 = Debug|Any CPU
		{B9D7F9F1-BDAE-4329-8F5B-EB9959C25E3E}.Release|Any CPU.ActiveCfg = Release|Any CPU
		{B9D7F9F1-BDAE-4329-8F5B-EB9959C25E3E}.Release|Any CPU.Build.0 = Release|Any CPU
		{B9D7F9F1-BDAE-4329-8F5B-EB9959C25E3E}.Release|x64.ActiveCfg = Release|Any CPU
		{B9D7F9F1-BDAE-4329-8F5B-EB9959C25E3E}.Release|x64.Build.0 = Release|Any CPU
		{B9D7F9F1-BDAE-4329-8F5B-EB9959C25E3E}.Release|x86.ActiveCfg = Release|Any CPU
		{B9D7F9F1-BDAE-4329-8F5B-EB9959C25E3E}.Release|x86.Build.0 = Release|Any CPU
	EndGlobalSection
	GlobalSection(SolutionProperties) = preSolution
		HideSolutionNode = FALSE
	EndGlobalSection
	GlobalSection(ExtensibilityGlobals) = postSolution
		SolutionGuid = {4558A928-1E05-4A6E-8176-49D6288803A6}
	EndGlobalSection
EndGlobal
