Microsoft Visual Studio Solution File, Format Version 12.00
# 
Project("{2150E333-8FDC-42A3-9474-1A3956D46DE8}") = "Solution Items", "Solution Items", "{B283EBC2-E01F-412D-9339-FD56EF114549}"
	ProjectSection(SolutionItems) = preProject
		..\..\Directory.Build.props = ..\..\Directory.Build.props
		..\..\..\..\Directory.Build.targets = ..\..\..\..\Directory.Build.targets
		..\..\..\..\global.json = ..\..\..\..\global.json
		..\..\..\..\Packages\Versions.Local.props = ..\..\..\..\Packages\Versions.Local.props
	EndProjectSection
EndProject
Project("{FAE04EC0-301F-11D3-BF4B-00C04F79EFBC}") = "Dgmjr.Http", "..\Http\Http\Dgmjr.Http.csproj", "{678270F3-44C0-4FF8-A2B5-C7DC4601873C}"
EndProject
Project("{FAE04EC0-301F-11D3-BF4B-00C04F79EFBC}") = "Dgmjr.Mime", "..\Http\Mime\Dgmjr.Mime.csproj", "{5569BA54-7A68-4A85-BEAE-FB64F67D8D30}"
EndProject
Project("{FAE04EC0-301F-11D3-BF4B-00C04F79EFBC}") = "Dgmjr.AspNetCore.Mvc.Polyfills", "..\Mvc.Polyfills\Dgmjr.AspNetCore.Mvc.Polyfills.csproj", "{0EDA37A7-E1A8-4B7B-86D9-DBC99E44FEC5}"
EndProject
Project("{FAE04EC0-301F-11D3-BF4B-00C04F79EFBC}") = "Dgmjr.Payloads", "Dgmjr.Payloads.csproj", "{B1F2E372-E233-4177-AE6D-1307929E365F}"
EndProject
Global
	GlobalSection(SolutionConfigurationPlatforms) = preSolution
		Local|Any CPU = Local|Any CPU
		Debug|Any CPU = Debug|Any CPU
		Testing|Any CPU = Testing|Any CPU
		Staging|Any CPU = Staging|Any CPU
		Production|Any CPU = Production|Any CPU
		Release|Any CPU = Release|Any CPU
	EndGlobalSection
	GlobalSection(ProjectConfigurationPlatforms) = postSolution
		{678270F3-44C0-4FF8-A2B5-C7DC4601873C}.Local|Any CPU.ActiveCfg = Local|Any CPU
		{678270F3-44C0-4FF8-A2B5-C7DC4601873C}.Local|Any CPU.Build.0 = Local|Any CPU
		{678270F3-44C0-4FF8-A2B5-C7DC4601873C}.Debug|Any CPU.ActiveCfg = Debug|Any CPU
		{678270F3-44C0-4FF8-A2B5-C7DC4601873C}.Debug|Any CPU.Build.0 = Debug|Any CPU
		{678270F3-44C0-4FF8-A2B5-C7DC4601873C}.Testing|Any CPU.ActiveCfg = Testing|Any CPU
		{678270F3-44C0-4FF8-A2B5-C7DC4601873C}.Testing|Any CPU.Build.0 = Testing|Any CPU
		{678270F3-44C0-4FF8-A2B5-C7DC4601873C}.Staging|Any CPU.ActiveCfg = Staging|Any CPU
		{678270F3-44C0-4FF8-A2B5-C7DC4601873C}.Staging|Any CPU.Build.0 = Staging|Any CPU
		{678270F3-44C0-4FF8-A2B5-C7DC4601873C}.Production|Any CPU.ActiveCfg = Local|Any CPU
		{678270F3-44C0-4FF8-A2B5-C7DC4601873C}.Production|Any CPU.Build.0 = Local|Any CPU
		{678270F3-44C0-4FF8-A2B5-C7DC4601873C}.Release|Any CPU.ActiveCfg = Release|Any CPU
		{678270F3-44C0-4FF8-A2B5-C7DC4601873C}.Release|Any CPU.Build.0 = Release|Any CPU
		{5569BA54-7A68-4A85-BEAE-FB64F67D8D30}.Local|Any CPU.ActiveCfg = Local|Any CPU
		{5569BA54-7A68-4A85-BEAE-FB64F67D8D30}.Local|Any CPU.Build.0 = Local|Any CPU
		{5569BA54-7A68-4A85-BEAE-FB64F67D8D30}.Debug|Any CPU.ActiveCfg = Debug|Any CPU
		{5569BA54-7A68-4A85-BEAE-FB64F67D8D30}.Debug|Any CPU.Build.0 = Debug|Any CPU
		{5569BA54-7A68-4A85-BEAE-FB64F67D8D30}.Testing|Any CPU.ActiveCfg = Testing|Any CPU
		{5569BA54-7A68-4A85-BEAE-FB64F67D8D30}.Testing|Any CPU.Build.0 = Testing|Any CPU
		{5569BA54-7A68-4A85-BEAE-FB64F67D8D30}.Staging|Any CPU.ActiveCfg = Staging|Any CPU
		{5569BA54-7A68-4A85-BEAE-FB64F67D8D30}.Staging|Any CPU.Build.0 = Staging|Any CPU
		{5569BA54-7A68-4A85-BEAE-FB64F67D8D30}.Production|Any CPU.ActiveCfg = Local|Any CPU
		{5569BA54-7A68-4A85-BEAE-FB64F67D8D30}.Production|Any CPU.Build.0 = Local|Any CPU
		{5569BA54-7A68-4A85-BEAE-FB64F67D8D30}.Release|Any CPU.ActiveCfg = Release|Any CPU
		{5569BA54-7A68-4A85-BEAE-FB64F67D8D30}.Release|Any CPU.Build.0 = Release|Any CPU
		{0EDA37A7-E1A8-4B7B-86D9-DBC99E44FEC5}.Local|Any CPU.ActiveCfg = Local|Any CPU
		{0EDA37A7-E1A8-4B7B-86D9-DBC99E44FEC5}.Local|Any CPU.Build.0 = Local|Any CPU
		{0EDA37A7-E1A8-4B7B-86D9-DBC99E44FEC5}.Debug|Any CPU.ActiveCfg = Debug|Any CPU
		{0EDA37A7-E1A8-4B7B-86D9-DBC99E44FEC5}.Debug|Any CPU.Build.0 = Debug|Any CPU
		{0EDA37A7-E1A8-4B7B-86D9-DBC99E44FEC5}.Testing|Any CPU.ActiveCfg = Testing|Any CPU
		{0EDA37A7-E1A8-4B7B-86D9-DBC99E44FEC5}.Testing|Any CPU.Build.0 = Testing|Any CPU
		{0EDA37A7-E1A8-4B7B-86D9-DBC99E44FEC5}.Staging|Any CPU.ActiveCfg = Staging|Any CPU
		{0EDA37A7-E1A8-4B7B-86D9-DBC99E44FEC5}.Staging|Any CPU.Build.0 = Staging|Any CPU
		{0EDA37A7-E1A8-4B7B-86D9-DBC99E44FEC5}.Production|Any CPU.ActiveCfg = Local|Any CPU
		{0EDA37A7-E1A8-4B7B-86D9-DBC99E44FEC5}.Production|Any CPU.Build.0 = Local|Any CPU
		{0EDA37A7-E1A8-4B7B-86D9-DBC99E44FEC5}.Release|Any CPU.ActiveCfg = Release|Any CPU
		{0EDA37A7-E1A8-4B7B-86D9-DBC99E44FEC5}.Release|Any CPU.Build.0 = Release|Any CPU
		{B1F2E372-E233-4177-AE6D-1307929E365F}.Local|Any CPU.ActiveCfg = Local|Any CPU
		{B1F2E372-E233-4177-AE6D-1307929E365F}.Local|Any CPU.Build.0 = Local|Any CPU
		{B1F2E372-E233-4177-AE6D-1307929E365F}.Debug|Any CPU.ActiveCfg = Debug|Any CPU
		{B1F2E372-E233-4177-AE6D-1307929E365F}.Debug|Any CPU.Build.0 = Debug|Any CPU
		{B1F2E372-E233-4177-AE6D-1307929E365F}.Testing|Any CPU.ActiveCfg = Testing|Any CPU
		{B1F2E372-E233-4177-AE6D-1307929E365F}.Testing|Any CPU.Build.0 = Testing|Any CPU
		{B1F2E372-E233-4177-AE6D-1307929E365F}.Staging|Any CPU.ActiveCfg = Staging|Any CPU
		{B1F2E372-E233-4177-AE6D-1307929E365F}.Staging|Any CPU.Build.0 = Staging|Any CPU
		{B1F2E372-E233-4177-AE6D-1307929E365F}.Production|Any CPU.ActiveCfg = Local|Any CPU
		{B1F2E372-E233-4177-AE6D-1307929E365F}.Production|Any CPU.Build.0 = Local|Any CPU
		{B1F2E372-E233-4177-AE6D-1307929E365F}.Release|Any CPU.ActiveCfg = Release|Any CPU
		{B1F2E372-E233-4177-AE6D-1307929E365F}.Release|Any CPU.Build.0 = Release|Any CPU
	EndGlobalSection
	GlobalSection(SolutionProperties) = preSolution
		HideSolutionNode = FALSE
	EndGlobalSection
	GlobalSection(ExtensibilityGlobals) = postSolution
		SolutionGuid = {4558A928-1E05-4A6E-8176-49D6288803A6}
	EndGlobalSection
EndGlobal
