Microsoft Visual Studio Solution File, Format Version 12.00
# 
Project("{2150E333-8FDC-42A3-9474-1A3956D46DE8}") = "Solution Items", "Solution Items", "{B283EBC2-E01F-412D-9339-FD56EF114549}"
	ProjectSection(SolutionItems) = preProject
		..\..\..\..\Directory.Build.props = ..\..\..\..\Directory.Build.props
		..\..\..\..\Directory.Build.targets = ..\..\..\..\Directory.Build.targets
		..\..\..\..\global.json = ..\..\..\..\global.json
		..\..\..\..\Packages\Versions.Local.props = ..\..\..\..\Packages\Versions.Local.props
	EndProjectSection
EndProject
Project("{FAE04EC0-301F-11D3-BF4B-00C04F79EFBC}") = "Dgmjr.Mime", "..\Http\Mime\Dgmjr.Mime.csproj", "{3215C855-A285-41B7-9AF9-F10AB4D99C97}"
EndProject
Project("{FAE04EC0-301F-11D3-BF4B-00C04F79EFBC}") = "Dgmjr.AspNetCore.Authorization", "..\Security\Authorization\Dgmjr.AspNetCore.Authorization.csproj", "{E0ADBB56-E8ED-4693-848F-63EBFB1701DC}"
EndProject
Project("{FAE04EC0-301F-11D3-BF4B-00C04F79EFBC}") = "Dgmjr.AspNetCore.Authentication", "..\Security\Authentication\Dgmjr.AspNetCore.Authentication.csproj", "{5730F1C6-B074-4CDD-9F34-EA51ACFE1886}"
EndProject
Project("{FAE04EC0-301F-11D3-BF4B-00C04F79EFBC}") = "Dgmjr.Payloads", "..\Payloads\Dgmjr.Payloads.csproj", "{7BF3A42B-50F9-4E22-ABA1-8444E67FB9D8}"
EndProject
Project("{FAE04EC0-301F-11D3-BF4B-00C04F79EFBC}") = "Dgmjr.AspNetCore.Swagger", "Dgmjr.AspNetCore.Swagger.csproj", "{0E756965-344C-4EC3-A48E-C363B60619F4}"
EndProject
Global
	GlobalSection(SolutionConfigurationPlatforms) = preSolution
		Local|Any CPU = Local|Any CPU
		Debug|Any CPU = Debug|Any CPU
		Testing|Any CPU = Testing|Any CPU
		Staging|Any CPU = Staging|Any CPU
		Production|Any CPU = Production|Any CPU
		Release|Any CPU = Release|Any CPU
	EndGlobalSection
	GlobalSection(ProjectConfigurationPlatforms) = postSolution
		{3215C855-A285-41B7-9AF9-F10AB4D99C97}.Local|Any CPU.ActiveCfg = Local|Any CPU
		{3215C855-A285-41B7-9AF9-F10AB4D99C97}.Local|Any CPU.Build.0 = Local|Any CPU
		{3215C855-A285-41B7-9AF9-F10AB4D99C97}.Debug|Any CPU.ActiveCfg = Debug|Any CPU
		{3215C855-A285-41B7-9AF9-F10AB4D99C97}.Debug|Any CPU.Build.0 = Debug|Any CPU
		{3215C855-A285-41B7-9AF9-F10AB4D99C97}.Testing|Any CPU.ActiveCfg = Testing|Any CPU
		{3215C855-A285-41B7-9AF9-F10AB4D99C97}.Testing|Any CPU.Build.0 = Testing|Any CPU
		{3215C855-A285-41B7-9AF9-F10AB4D99C97}.Staging|Any CPU.ActiveCfg = Staging|Any CPU
		{3215C855-A285-41B7-9AF9-F10AB4D99C97}.Staging|Any CPU.Build.0 = Staging|Any CPU
		{3215C855-A285-41B7-9AF9-F10AB4D99C97}.Production|Any CPU.ActiveCfg = Local|Any CPU
		{3215C855-A285-41B7-9AF9-F10AB4D99C97}.Production|Any CPU.Build.0 = Local|Any CPU
		{3215C855-A285-41B7-9AF9-F10AB4D99C97}.Release|Any CPU.ActiveCfg = Release|Any CPU
		{3215C855-A285-41B7-9AF9-F10AB4D99C97}.Release|Any CPU.Build.0 = Release|Any CPU
		{E0ADBB56-E8ED-4693-848F-63EBFB1701DC}.Local|Any CPU.ActiveCfg = Local|Any CPU
		{E0ADBB56-E8ED-4693-848F-63EBFB1701DC}.Local|Any CPU.Build.0 = Local|Any CPU
		{E0ADBB56-E8ED-4693-848F-63EBFB1701DC}.Debug|Any CPU.ActiveCfg = Debug|Any CPU
		{E0ADBB56-E8ED-4693-848F-63EBFB1701DC}.Debug|Any CPU.Build.0 = Debug|Any CPU
		{E0ADBB56-E8ED-4693-848F-63EBFB1701DC}.Testing|Any CPU.ActiveCfg = Testing|Any CPU
		{E0ADBB56-E8ED-4693-848F-63EBFB1701DC}.Testing|Any CPU.Build.0 = Testing|Any CPU
		{E0ADBB56-E8ED-4693-848F-63EBFB1701DC}.Staging|Any CPU.ActiveCfg = Staging|Any CPU
		{E0ADBB56-E8ED-4693-848F-63EBFB1701DC}.Staging|Any CPU.Build.0 = Staging|Any CPU
		{E0ADBB56-E8ED-4693-848F-63EBFB1701DC}.Production|Any CPU.ActiveCfg = Local|Any CPU
		{E0ADBB56-E8ED-4693-848F-63EBFB1701DC}.Production|Any CPU.Build.0 = Local|Any CPU
		{E0ADBB56-E8ED-4693-848F-63EBFB1701DC}.Release|Any CPU.ActiveCfg = Release|Any CPU
		{E0ADBB56-E8ED-4693-848F-63EBFB1701DC}.Release|Any CPU.Build.0 = Release|Any CPU
		{5730F1C6-B074-4CDD-9F34-EA51ACFE1886}.Local|Any CPU.ActiveCfg = Local|Any CPU
		{5730F1C6-B074-4CDD-9F34-EA51ACFE1886}.Local|Any CPU.Build.0 = Local|Any CPU
		{5730F1C6-B074-4CDD-9F34-EA51ACFE1886}.Debug|Any CPU.ActiveCfg = Debug|Any CPU
		{5730F1C6-B074-4CDD-9F34-EA51ACFE1886}.Debug|Any CPU.Build.0 = Debug|Any CPU
		{5730F1C6-B074-4CDD-9F34-EA51ACFE1886}.Testing|Any CPU.ActiveCfg = Testing|Any CPU
		{5730F1C6-B074-4CDD-9F34-EA51ACFE1886}.Testing|Any CPU.Build.0 = Testing|Any CPU
		{5730F1C6-B074-4CDD-9F34-EA51ACFE1886}.Staging|Any CPU.ActiveCfg = Staging|Any CPU
		{5730F1C6-B074-4CDD-9F34-EA51ACFE1886}.Staging|Any CPU.Build.0 = Staging|Any CPU
		{5730F1C6-B074-4CDD-9F34-EA51ACFE1886}.Production|Any CPU.ActiveCfg = Local|Any CPU
		{5730F1C6-B074-4CDD-9F34-EA51ACFE1886}.Production|Any CPU.Build.0 = Local|Any CPU
		{5730F1C6-B074-4CDD-9F34-EA51ACFE1886}.Release|Any CPU.ActiveCfg = Release|Any CPU
		{5730F1C6-B074-4CDD-9F34-EA51ACFE1886}.Release|Any CPU.Build.0 = Release|Any CPU
		{7BF3A42B-50F9-4E22-ABA1-8444E67FB9D8}.Local|Any CPU.ActiveCfg = Local|Any CPU
		{7BF3A42B-50F9-4E22-ABA1-8444E67FB9D8}.Local|Any CPU.Build.0 = Local|Any CPU
		{7BF3A42B-50F9-4E22-ABA1-8444E67FB9D8}.Debug|Any CPU.ActiveCfg = Debug|Any CPU
		{7BF3A42B-50F9-4E22-ABA1-8444E67FB9D8}.Debug|Any CPU.Build.0 = Debug|Any CPU
		{7BF3A42B-50F9-4E22-ABA1-8444E67FB9D8}.Testing|Any CPU.ActiveCfg = Testing|Any CPU
		{7BF3A42B-50F9-4E22-ABA1-8444E67FB9D8}.Testing|Any CPU.Build.0 = Testing|Any CPU
		{7BF3A42B-50F9-4E22-ABA1-8444E67FB9D8}.Staging|Any CPU.ActiveCfg = Staging|Any CPU
		{7BF3A42B-50F9-4E22-ABA1-8444E67FB9D8}.Staging|Any CPU.Build.0 = Staging|Any CPU
		{7BF3A42B-50F9-4E22-ABA1-8444E67FB9D8}.Production|Any CPU.ActiveCfg = Local|Any CPU
		{7BF3A42B-50F9-4E22-ABA1-8444E67FB9D8}.Production|Any CPU.Build.0 = Local|Any CPU
		{7BF3A42B-50F9-4E22-ABA1-8444E67FB9D8}.Release|Any CPU.ActiveCfg = Release|Any CPU
		{7BF3A42B-50F9-4E22-ABA1-8444E67FB9D8}.Release|Any CPU.Build.0 = Release|Any CPU
		{0E756965-344C-4EC3-A48E-C363B60619F4}.Local|Any CPU.ActiveCfg = Local|Any CPU
		{0E756965-344C-4EC3-A48E-C363B60619F4}.Local|Any CPU.Build.0 = Local|Any CPU
		{0E756965-344C-4EC3-A48E-C363B60619F4}.Debug|Any CPU.ActiveCfg = Debug|Any CPU
		{0E756965-344C-4EC3-A48E-C363B60619F4}.Debug|Any CPU.Build.0 = Debug|Any CPU
		{0E756965-344C-4EC3-A48E-C363B60619F4}.Testing|Any CPU.ActiveCfg = Testing|Any CPU
		{0E756965-344C-4EC3-A48E-C363B60619F4}.Testing|Any CPU.Build.0 = Testing|Any CPU
		{0E756965-344C-4EC3-A48E-C363B60619F4}.Staging|Any CPU.ActiveCfg = Staging|Any CPU
		{0E756965-344C-4EC3-A48E-C363B60619F4}.Staging|Any CPU.Build.0 = Staging|Any CPU
		{0E756965-344C-4EC3-A48E-C363B60619F4}.Production|Any CPU.ActiveCfg = Local|Any CPU
		{0E756965-344C-4EC3-A48E-C363B60619F4}.Production|Any CPU.Build.0 = Local|Any CPU
		{0E756965-344C-4EC3-A48E-C363B60619F4}.Release|Any CPU.ActiveCfg = Release|Any CPU
		{0E756965-344C-4EC3-A48E-C363B60619F4}.Release|Any CPU.Build.0 = Release|Any CPU
	EndGlobalSection
	GlobalSection(SolutionProperties) = preSolution
		HideSolutionNode = FALSE
	EndGlobalSection
	GlobalSection(ExtensibilityGlobals) = postSolution
		SolutionGuid = {3F970C03-36B7-4DCC-ABFB-89F67DED0FBA}
	EndGlobalSection
EndGlobal
