Microsoft Visual Studio Solution File, Format Version 12.00
# 
Project("{2150E333-8FDC-42A3-9474-1A3956D46DE8}") = "Solution Items", "Solution Items", "{B283EBC2-E01F-412D-9339-FD56EF114549}"
	ProjectSection(SolutionItems) = preProject
		..\..\..\..\..\Directory.Build.props = ..\..\..\..\..\Directory.Build.props
		..\..\..\..\..\Directory.Build.targets = ..\..\..\..\..\Directory.Build.targets
		..\..\..\..\..\global.json = ..\..\..\..\..\global.json
		..\..\..\..\..\Packages\Versions.Local.props = ..\..\..\..\..\Packages\Versions.Local.props
	EndProjectSection
EndProject
Project("{FAE04EC0-301F-11D3-BF4B-00C04F79EFBC}") = "System.Net.Mime.MediaTypeNames", "..\..\Http\MediaTypeNames\System.Net.Mime.MediaTypeNames.csproj", "{7F6D2686-B481-4BCB-93B4-CB18F3741084}"
EndProject
Project("{FAE04EC0-301F-11D3-BF4B-00C04F79EFBC}") = "Dgmjr.Http.Meta", "..\..\Http\Meta\Dgmjr.Http.Meta.csproj", "{B900B828-6F72-4F0C-A727-4362969B525A}"
EndProject
Project("{FAE04EC0-301F-11D3-BF4B-00C04F79EFBC}") = "Dgmjr.Payloads", "..\..\Payloads\Dgmjr.Payloads.csproj", "{EAF638B4-0C96-490F-95A1-136EC19D0E56}"
EndProject
Project("{FAE04EC0-301F-11D3-BF4B-00C04F79EFBC}") = "Dgmjr.AspNetCore.Authorization", "Dgmjr.AspNetCore.Authorization.csproj", "{D7F7E57C-5004-4A3E-A94C-23FB9E14D1FE}"
EndProject
Project("{FAE04EC0-301F-11D3-BF4B-00C04F79EFBC}") = "Dgmjr.Http", "..\..\Http\Headers\Dgmjr.Http.csproj", "{892D2560-3931-4339-A727-31828D58D9C3}"
EndProject
Project("{FAE04EC0-301F-11D3-BF4B-00C04F79EFBC}") = "Dgmjr.Mime", "..\..\Http\Mime\Dgmjr.Mime.csproj", "{D0AB4B51-42E3-4200-9AE7-92C8FB413F04}"
EndProject
Global
	GlobalSection(SolutionConfigurationPlatforms) = preSolution
		Debug|Any CPU = Debug|Any CPU
		Debug|x64 = Debug|x64
		Debug|x86 = Debug|x86
		Release|Any CPU = Release|Any CPU
		Release|x64 = Release|x64
		Release|x86 = Release|x86
	EndGlobalSection
	GlobalSection(ProjectConfigurationPlatforms) = postSolution
		{7F6D2686-B481-4BCB-93B4-CB18F3741084}.Debug|Any CPU.ActiveCfg = Debug|Any CPU
		{7F6D2686-B481-4BCB-93B4-CB18F3741084}.Debug|Any CPU.Build.0 = Debug|Any CPU
		{7F6D2686-B481-4BCB-93B4-CB18F3741084}.Debug|x64.ActiveCfg = Debug|Any CPU
		{7F6D2686-B481-4BCB-93B4-CB18F3741084}.Debug|x64.Build.0 = Debug|Any CPU
		{7F6D2686-B481-4BCB-93B4-CB18F3741084}.Debug|x86.ActiveCfg = Debug|Any CPU
		{7F6D2686-B481-4BCB-93B4-CB18F3741084}.Debug|x86.Build.0 = Debug|Any CPU
		{7F6D2686-B481-4BCB-93B4-CB18F3741084}.Release|Any CPU.ActiveCfg = Release|Any CPU
		{7F6D2686-B481-4BCB-93B4-CB18F3741084}.Release|Any CPU.Build.0 = Release|Any CPU
		{7F6D2686-B481-4BCB-93B4-CB18F3741084}.Release|x64.ActiveCfg = Release|Any CPU
		{7F6D2686-B481-4BCB-93B4-CB18F3741084}.Release|x64.Build.0 = Release|Any CPU
		{7F6D2686-B481-4BCB-93B4-CB18F3741084}.Release|x86.ActiveCfg = Release|Any CPU
		{7F6D2686-B481-4BCB-93B4-CB18F3741084}.Release|x86.Build.0 = Release|Any CPU
		{B900B828-6F72-4F0C-A727-4362969B525A}.Debug|Any CPU.ActiveCfg = Debug|Any CPU
		{B900B828-6F72-4F0C-A727-4362969B525A}.Debug|Any CPU.Build.0 = Debug|Any CPU
		{B900B828-6F72-4F0C-A727-4362969B525A}.Debug|x64.ActiveCfg = Debug|Any CPU
		{B900B828-6F72-4F0C-A727-4362969B525A}.Debug|x64.Build.0 = Debug|Any CPU
		{B900B828-6F72-4F0C-A727-4362969B525A}.Debug|x86.ActiveCfg = Debug|Any CPU
		{B900B828-6F72-4F0C-A727-4362969B525A}.Debug|x86.Build.0 = Debug|Any CPU
		{B900B828-6F72-4F0C-A727-4362969B525A}.Release|Any CPU.ActiveCfg = Release|Any CPU
		{B900B828-6F72-4F0C-A727-4362969B525A}.Release|Any CPU.Build.0 = Release|Any CPU
		{B900B828-6F72-4F0C-A727-4362969B525A}.Release|x64.ActiveCfg = Release|Any CPU
		{B900B828-6F72-4F0C-A727-4362969B525A}.Release|x64.Build.0 = Release|Any CPU
		{B900B828-6F72-4F0C-A727-4362969B525A}.Release|x86.ActiveCfg = Release|Any CPU
		{B900B828-6F72-4F0C-A727-4362969B525A}.Release|x86.Build.0 = Release|Any CPU
		{EAF638B4-0C96-490F-95A1-136EC19D0E56}.Debug|Any CPU.ActiveCfg = Debug|Any CPU
		{EAF638B4-0C96-490F-95A1-136EC19D0E56}.Debug|Any CPU.Build.0 = Debug|Any CPU
		{EAF638B4-0C96-490F-95A1-136EC19D0E56}.Debug|x64.ActiveCfg = Debug|Any CPU
		{EAF638B4-0C96-490F-95A1-136EC19D0E56}.Debug|x64.Build.0 = Debug|Any CPU
		{EAF638B4-0C96-490F-95A1-136EC19D0E56}.Debug|x86.ActiveCfg = Debug|Any CPU
		{EAF638B4-0C96-490F-95A1-136EC19D0E56}.Debug|x86.Build.0 = Debug|Any CPU
		{EAF638B4-0C96-490F-95A1-136EC19D0E56}.Release|Any CPU.ActiveCfg = Release|Any CPU
		{EAF638B4-0C96-490F-95A1-136EC19D0E56}.Release|Any CPU.Build.0 = Release|Any CPU
		{EAF638B4-0C96-490F-95A1-136EC19D0E56}.Release|x64.ActiveCfg = Release|Any CPU
		{EAF638B4-0C96-490F-95A1-136EC19D0E56}.Release|x64.Build.0 = Release|Any CPU
		{EAF638B4-0C96-490F-95A1-136EC19D0E56}.Release|x86.ActiveCfg = Release|Any CPU
		{EAF638B4-0C96-490F-95A1-136EC19D0E56}.Release|x86.Build.0 = Release|Any CPU
		{D7F7E57C-5004-4A3E-A94C-23FB9E14D1FE}.Debug|Any CPU.ActiveCfg = Debug|Any CPU
		{D7F7E57C-5004-4A3E-A94C-23FB9E14D1FE}.Debug|Any CPU.Build.0 = Debug|Any CPU
		{D7F7E57C-5004-4A3E-A94C-23FB9E14D1FE}.Debug|x64.ActiveCfg = Debug|Any CPU
		{D7F7E57C-5004-4A3E-A94C-23FB9E14D1FE}.Debug|x64.Build.0 = Debug|Any CPU
		{D7F7E57C-5004-4A3E-A94C-23FB9E14D1FE}.Debug|x86.ActiveCfg = Debug|Any CPU
		{D7F7E57C-5004-4A3E-A94C-23FB9E14D1FE}.Debug|x86.Build.0 = Debug|Any CPU
		{D7F7E57C-5004-4A3E-A94C-23FB9E14D1FE}.Release|Any CPU.ActiveCfg = Release|Any CPU
		{D7F7E57C-5004-4A3E-A94C-23FB9E14D1FE}.Release|Any CPU.Build.0 = Release|Any CPU
		{D7F7E57C-5004-4A3E-A94C-23FB9E14D1FE}.Release|x64.ActiveCfg = Release|Any CPU
		{D7F7E57C-5004-4A3E-A94C-23FB9E14D1FE}.Release|x64.Build.0 = Release|Any CPU
		{D7F7E57C-5004-4A3E-A94C-23FB9E14D1FE}.Release|x86.ActiveCfg = Release|Any CPU
		{D7F7E57C-5004-4A3E-A94C-23FB9E14D1FE}.Release|x86.Build.0 = Release|Any CPU
		{892D2560-3931-4339-A727-31828D58D9C3}.Debug|Any CPU.ActiveCfg = Debug|Any CPU
		{892D2560-3931-4339-A727-31828D58D9C3}.Debug|Any CPU.Build.0 = Debug|Any CPU
		{892D2560-3931-4339-A727-31828D58D9C3}.Debug|x64.ActiveCfg = Debug|Any CPU
		{892D2560-3931-4339-A727-31828D58D9C3}.Debug|x64.Build.0 = Debug|Any CPU
		{892D2560-3931-4339-A727-31828D58D9C3}.Debug|x86.ActiveCfg = Debug|Any CPU
		{892D2560-3931-4339-A727-31828D58D9C3}.Debug|x86.Build.0 = Debug|Any CPU
		{892D2560-3931-4339-A727-31828D58D9C3}.Release|Any CPU.ActiveCfg = Release|Any CPU
		{892D2560-3931-4339-A727-31828D58D9C3}.Release|Any CPU.Build.0 = Release|Any CPU
		{892D2560-3931-4339-A727-31828D58D9C3}.Release|x64.ActiveCfg = Release|Any CPU
		{892D2560-3931-4339-A727-31828D58D9C3}.Release|x64.Build.0 = Release|Any CPU
		{892D2560-3931-4339-A727-31828D58D9C3}.Release|x86.ActiveCfg = Release|Any CPU
		{892D2560-3931-4339-A727-31828D58D9C3}.Release|x86.Build.0 = Release|Any CPU
		{D0AB4B51-42E3-4200-9AE7-92C8FB413F04}.Debug|Any CPU.ActiveCfg = Debug|Any CPU
		{D0AB4B51-42E3-4200-9AE7-92C8FB413F04}.Debug|Any CPU.Build.0 = Debug|Any CPU
		{D0AB4B51-42E3-4200-9AE7-92C8FB413F04}.Debug|x64.ActiveCfg = Debug|Any CPU
		{D0AB4B51-42E3-4200-9AE7-92C8FB413F04}.Debug|x64.Build.0 = Debug|Any CPU
		{D0AB4B51-42E3-4200-9AE7-92C8FB413F04}.Debug|x86.ActiveCfg = Debug|Any CPU
		{D0AB4B51-42E3-4200-9AE7-92C8FB413F04}.Debug|x86.Build.0 = Debug|Any CPU
		{D0AB4B51-42E3-4200-9AE7-92C8FB413F04}.Release|Any CPU.ActiveCfg = Release|Any CPU
		{D0AB4B51-42E3-4200-9AE7-92C8FB413F04}.Release|Any CPU.Build.0 = Release|Any CPU
		{D0AB4B51-42E3-4200-9AE7-92C8FB413F04}.Release|x64.ActiveCfg = Release|Any CPU
		{D0AB4B51-42E3-4200-9AE7-92C8FB413F04}.Release|x64.Build.0 = Release|Any CPU
		{D0AB4B51-42E3-4200-9AE7-92C8FB413F04}.Release|x86.ActiveCfg = Release|Any CPU
		{D0AB4B51-42E3-4200-9AE7-92C8FB413F04}.Release|x86.Build.0 = Release|Any CPU
	EndGlobalSection
	GlobalSection(SolutionProperties) = preSolution
		HideSolutionNode = FALSE
	EndGlobalSection
	GlobalSection(ExtensibilityGlobals) = postSolution
		SolutionGuid = {8989BF35-5764-4723-B8C0-573BCDEF5732}
	EndGlobalSection
EndGlobal
