Microsoft Visual Studio Solution File, Format Version 12.00
# 
Project("{2150E333-8FDC-42A3-9474-1A3956D46DE8}") = "Solution Items", "Solution Items", "{B283EBC2-E01F-412D-9339-FD56EF114549}"
	ProjectSection(SolutionItems) = preProject
		..\..\..\..\..\Directory.Build.props = ..\..\..\..\..\Directory.Build.props
		..\..\..\..\..\Directory.Build.targets = ..\..\..\..\..\Directory.Build.targets
		..\..\..\..\..\global.json = ..\..\..\..\..\global.json
		..\..\..\..\..\Packages\Versions.Local.props = ..\..\..\..\..\Packages\Versions.Local.props
	EndProjectSection
EndProject
Project("{FAE04EC0-301F-11D3-BF4B-00C04F79EFBC}") = "Dgmjr.AspNetCore.Authentication", "..\Authentication\Dgmjr.AspNetCore.Authentication.csproj", "{074E0042-30EA-466C-AF36-8B2FA9C2DE00}"
EndProject
Project("{FAE04EC0-301F-11D3-BF4B-00C04F79EFBC}") = "Dgmjr.AspNetCore.Authorization", "..\Authorization\Dgmjr.AspNetCore.Authorization.csproj", "{14AAEF36-38EA-4592-9BA3-FE43A401552F}"
EndProject
Project("{FAE04EC0-301F-11D3-BF4B-00C04F79EFBC}") = "Dgmjr.AspNetCore.Security", "Dgmjr.AspNetCore.Security.csproj", "{C67785EC-EEA4-4E5D-8D87-A4FACB8889F0}"
EndProject
Global
	GlobalSection(SolutionConfigurationPlatforms) = preSolution
		Local|Any CPU = Local|Any CPU
		Debug|Any CPU = Debug|Any CPU
		Testing|Any CPU = Testing|Any CPU
		Staging|Any CPU = Staging|Any CPU
		Production|Any CPU = Production|Any CPU
		Release|Any CPU = Release|Any CPU
	EndGlobalSection
	GlobalSection(ProjectConfigurationPlatforms) = postSolution
		{074E0042-30EA-466C-AF36-8B2FA9C2DE00}.Local|Any CPU.ActiveCfg = Local|Any CPU
		{074E0042-30EA-466C-AF36-8B2FA9C2DE00}.Local|Any CPU.Build.0 = Local|Any CPU
		{074E0042-30EA-466C-AF36-8B2FA9C2DE00}.Debug|Any CPU.ActiveCfg = Debug|Any CPU
		{074E0042-30EA-466C-AF36-8B2FA9C2DE00}.Debug|Any CPU.Build.0 = Debug|Any CPU
		{074E0042-30EA-466C-AF36-8B2FA9C2DE00}.Testing|Any CPU.ActiveCfg = Testing|Any CPU
		{074E0042-30EA-466C-AF36-8B2FA9C2DE00}.Testing|Any CPU.Build.0 = Testing|Any CPU
		{074E0042-30EA-466C-AF36-8B2FA9C2DE00}.Staging|Any CPU.ActiveCfg = Staging|Any CPU
		{074E0042-30EA-466C-AF36-8B2FA9C2DE00}.Staging|Any CPU.Build.0 = Staging|Any CPU
		{074E0042-30EA-466C-AF36-8B2FA9C2DE00}.Production|Any CPU.ActiveCfg = Local|Any CPU
		{074E0042-30EA-466C-AF36-8B2FA9C2DE00}.Production|Any CPU.Build.0 = Local|Any CPU
		{074E0042-30EA-466C-AF36-8B2FA9C2DE00}.Release|Any CPU.ActiveCfg = Release|Any CPU
		{074E0042-30EA-466C-AF36-8B2FA9C2DE00}.Release|Any CPU.Build.0 = Release|Any CPU
		{14AAEF36-38EA-4592-9BA3-FE43A401552F}.Local|Any CPU.ActiveCfg = Local|Any CPU
		{14AAEF36-38EA-4592-9BA3-FE43A401552F}.Local|Any CPU.Build.0 = Local|Any CPU
		{14AAEF36-38EA-4592-9BA3-FE43A401552F}.Debug|Any CPU.ActiveCfg = Debug|Any CPU
		{14AAEF36-38EA-4592-9BA3-FE43A401552F}.Debug|Any CPU.Build.0 = Debug|Any CPU
		{14AAEF36-38EA-4592-9BA3-FE43A401552F}.Testing|Any CPU.ActiveCfg = Testing|Any CPU
		{14AAEF36-38EA-4592-9BA3-FE43A401552F}.Testing|Any CPU.Build.0 = Testing|Any CPU
		{14AAEF36-38EA-4592-9BA3-FE43A401552F}.Staging|Any CPU.ActiveCfg = Staging|Any CPU
		{14AAEF36-38EA-4592-9BA3-FE43A401552F}.Staging|Any CPU.Build.0 = Staging|Any CPU
		{14AAEF36-38EA-4592-9BA3-FE43A401552F}.Production|Any CPU.ActiveCfg = Local|Any CPU
		{14AAEF36-38EA-4592-9BA3-FE43A401552F}.Production|Any CPU.Build.0 = Local|Any CPU
		{14AAEF36-38EA-4592-9BA3-FE43A401552F}.Release|Any CPU.ActiveCfg = Release|Any CPU
		{14AAEF36-38EA-4592-9BA3-FE43A401552F}.Release|Any CPU.Build.0 = Release|Any CPU
		{C67785EC-EEA4-4E5D-8D87-A4FACB8889F0}.Local|Any CPU.ActiveCfg = Local|Any CPU
		{C67785EC-EEA4-4E5D-8D87-A4FACB8889F0}.Local|Any CPU.Build.0 = Local|Any CPU
		{C67785EC-EEA4-4E5D-8D87-A4FACB8889F0}.Debug|Any CPU.ActiveCfg = Debug|Any CPU
		{C67785EC-EEA4-4E5D-8D87-A4FACB8889F0}.Debug|Any CPU.Build.0 = Debug|Any CPU
		{C67785EC-EEA4-4E5D-8D87-A4FACB8889F0}.Testing|Any CPU.ActiveCfg = Testing|Any CPU
		{C67785EC-EEA4-4E5D-8D87-A4FACB8889F0}.Testing|Any CPU.Build.0 = Testing|Any CPU
		{C67785EC-EEA4-4E5D-8D87-A4FACB8889F0}.Staging|Any CPU.ActiveCfg = Staging|Any CPU
		{C67785EC-EEA4-4E5D-8D87-A4FACB8889F0}.Staging|Any CPU.Build.0 = Staging|Any CPU
		{C67785EC-EEA4-4E5D-8D87-A4FACB8889F0}.Production|Any CPU.ActiveCfg = Local|Any CPU
		{C67785EC-EEA4-4E5D-8D87-A4FACB8889F0}.Production|Any CPU.Build.0 = Local|Any CPU
		{C67785EC-EEA4-4E5D-8D87-A4FACB8889F0}.Release|Any CPU.ActiveCfg = Release|Any CPU
		{C67785EC-EEA4-4E5D-8D87-A4FACB8889F0}.Release|Any CPU.Build.0 = Release|Any CPU
	EndGlobalSection
	GlobalSection(SolutionProperties) = preSolution
		HideSolutionNode = FALSE
	EndGlobalSection
	GlobalSection(ExtensibilityGlobals) = postSolution
		SolutionGuid = {2709112B-D738-45A6-8764-5C3F10A8E507}
	EndGlobalSection
EndGlobal
