Microsoft Visual Studio Solution File, Format Version 12.00
# 
Project("{2150E333-8FDC-42A3-9474-1A3956D46DE8}") = "Solution Items", "Solution Items", "{B283EBC2-E01F-412D-9339-FD56EF114549}"
	ProjectSection(SolutionItems) = preProject
		..\..\..\..\Directory.Build.props = ..\..\..\..\Directory.Build.props
		..\..\..\..\Directory.Build.targets = ..\..\..\..\Directory.Build.targets
		..\..\..\..\global.json = ..\..\..\..\global.json
		..\..\..\..\Packages\Versions.Local.props = ..\..\..\..\Packages\Versions.Local.props
	EndProjectSection
EndProject
Project("{FAE04EC0-301F-11D3-BF4B-00C04F79EFBC}") = "Dgmjr.AspNetCore.Authentication", "..\Security\Authentication\Dgmjr.AspNetCore.Authentication.csproj", "{66181FF2-2CE6-46F8-AAFD-55368B1894B8}"
EndProject
Project("{FAE04EC0-301F-11D3-BF4B-00C04F79EFBC}") = "Dgmjr.AspNetCore.Authorization", "..\Security\Authorization\Dgmjr.AspNetCore.Authorization.csproj", "{7D8382F6-D5E3-44A7-88CE-0CBABD01031E}"
EndProject
Project("{FAE04EC0-301F-11D3-BF4B-00C04F79EFBC}") = "Dgmjr.AspNetCore.Hosting.Extensions", "..\Hosting.Extensions\Dgmjr.AspNetCore.Hosting.Extensions.csproj", "{ED05BA7D-258F-4D1E-B3A4-E549CE5220A8}"
EndProject
Project("{FAE04EC0-301F-11D3-BF4B-00C04F79EFBC}") = "System.Net.Mime.MediaTypeNames", "..\Http\MediaTypeNames\System.Net.Mime.MediaTypeNames.csproj", "{30D7B9C0-FF05-4160-B67A-71E28A3AA1F2}"
EndProject
Project("{FAE04EC0-301F-11D3-BF4B-00C04F79EFBC}") = "Dgmjr.Payloads", "..\Payloads\Dgmjr.Payloads.csproj", "{FE4DC3FD-D64C-47A8-9473-E84B9FE92B61}"
EndProject
Project("{FAE04EC0-301F-11D3-BF4B-00C04F79EFBC}") = "Dgmjr.AspNetCore.Formatters", "..\Formatters\Dgmjr.AspNetCore.Formatters.csproj", "{641FEEE8-149A-451E-B45D-1DC921C25A57}"
EndProject
Project("{FAE04EC0-301F-11D3-BF4B-00C04F79EFBC}") = "Dgmjr.AspNetCore.Controllers", "..\Controllers\Dgmjr.AspNetCore.Controllers.csproj", "{51EB8134-91AC-4A34-B7AD-B0192157FAC7}"
EndProject
Project("{FAE04EC0-301F-11D3-BF4B-00C04F79EFBC}") = "Dgmjr.Http.Meta", "..\Http\Meta\Dgmjr.Http.Meta.csproj", "{8A811FC1-7331-48AC-81ED-8B7CFF67DF2D}"
EndProject
Project("{FAE04EC0-301F-11D3-BF4B-00C04F79EFBC}") = "Dgmjr.AspNetCore.Swagger", "..\Swagger\Dgmjr.AspNetCore.Swagger.csproj", "{59394F74-D00C-4392-B3E8-58F80647531F}"
EndProject
Project("{FAE04EC0-301F-11D3-BF4B-00C04F79EFBC}") = "Dgmjr.AspNetCore.Startup", "Dgmjr.AspNetCore.Startup.csproj", "{34694154-1EBF-45A1-9704-D8A062B0675E}"
EndProject
Project("{FAE04EC0-301F-11D3-BF4B-00C04F79EFBC}") = "Dgmjr.Http", "..\Http\Headers\Dgmjr.Http.csproj", "{5A778029-AD93-4F2F-9D9B-3A8FD04EC23B}"
EndProject
Global
	GlobalSection(SolutionConfigurationPlatforms) = preSolution
		Debug|Any CPU = Debug|Any CPU
		Debug|x64 = Debug|x64
		Debug|x86 = Debug|x86
		Release|Any CPU = Release|Any CPU
		Release|x64 = Release|x64
		Release|x86 = Release|x86
	EndGlobalSection
	GlobalSection(ProjectConfigurationPlatforms) = postSolution
		{66181FF2-2CE6-46F8-AAFD-55368B1894B8}.Debug|Any CPU.ActiveCfg = Debug|Any CPU
		{66181FF2-2CE6-46F8-AAFD-55368B1894B8}.Debug|Any CPU.Build.0 = Debug|Any CPU
		{66181FF2-2CE6-46F8-AAFD-55368B1894B8}.Debug|x64.ActiveCfg = Debug|Any CPU
		{66181FF2-2CE6-46F8-AAFD-55368B1894B8}.Debug|x64.Build.0 = Debug|Any CPU
		{66181FF2-2CE6-46F8-AAFD-55368B1894B8}.Debug|x86.ActiveCfg = Debug|Any CPU
		{66181FF2-2CE6-46F8-AAFD-55368B1894B8}.Debug|x86.Build.0 = Debug|Any CPU
		{66181FF2-2CE6-46F8-AAFD-55368B1894B8}.Release|Any CPU.ActiveCfg = Release|Any CPU
		{66181FF2-2CE6-46F8-AAFD-55368B1894B8}.Release|Any CPU.Build.0 = Release|Any CPU
		{66181FF2-2CE6-46F8-AAFD-55368B1894B8}.Release|x64.ActiveCfg = Release|Any CPU
		{66181FF2-2CE6-46F8-AAFD-55368B1894B8}.Release|x64.Build.0 = Release|Any CPU
		{66181FF2-2CE6-46F8-AAFD-55368B1894B8}.Release|x86.ActiveCfg = Release|Any CPU
		{66181FF2-2CE6-46F8-AAFD-55368B1894B8}.Release|x86.Build.0 = Release|Any CPU
		{7D8382F6-D5E3-44A7-88CE-0CBABD01031E}.Debug|Any CPU.ActiveCfg = Debug|Any CPU
		{7D8382F6-D5E3-44A7-88CE-0CBABD01031E}.Debug|Any CPU.Build.0 = Debug|Any CPU
		{7D8382F6-D5E3-44A7-88CE-0CBABD01031E}.Debug|x64.ActiveCfg = Debug|Any CPU
		{7D8382F6-D5E3-44A7-88CE-0CBABD01031E}.Debug|x64.Build.0 = Debug|Any CPU
		{7D8382F6-D5E3-44A7-88CE-0CBABD01031E}.Debug|x86.ActiveCfg = Debug|Any CPU
		{7D8382F6-D5E3-44A7-88CE-0CBABD01031E}.Debug|x86.Build.0 = Debug|Any CPU
		{7D8382F6-D5E3-44A7-88CE-0CBABD01031E}.Release|Any CPU.ActiveCfg = Release|Any CPU
		{7D8382F6-D5E3-44A7-88CE-0CBABD01031E}.Release|Any CPU.Build.0 = Release|Any CPU
		{7D8382F6-D5E3-44A7-88CE-0CBABD01031E}.Release|x64.ActiveCfg = Release|Any CPU
		{7D8382F6-D5E3-44A7-88CE-0CBABD01031E}.Release|x64.Build.0 = Release|Any CPU
		{7D8382F6-D5E3-44A7-88CE-0CBABD01031E}.Release|x86.ActiveCfg = Release|Any CPU
		{7D8382F6-D5E3-44A7-88CE-0CBABD01031E}.Release|x86.Build.0 = Release|Any CPU
		{ED05BA7D-258F-4D1E-B3A4-E549CE5220A8}.Debug|Any CPU.ActiveCfg = Debug|Any CPU
		{ED05BA7D-258F-4D1E-B3A4-E549CE5220A8}.Debug|Any CPU.Build.0 = Debug|Any CPU
		{ED05BA7D-258F-4D1E-B3A4-E549CE5220A8}.Debug|x64.ActiveCfg = Debug|Any CPU
		{ED05BA7D-258F-4D1E-B3A4-E549CE5220A8}.Debug|x64.Build.0 = Debug|Any CPU
		{ED05BA7D-258F-4D1E-B3A4-E549CE5220A8}.Debug|x86.ActiveCfg = Debug|Any CPU
		{ED05BA7D-258F-4D1E-B3A4-E549CE5220A8}.Debug|x86.Build.0 = Debug|Any CPU
		{ED05BA7D-258F-4D1E-B3A4-E549CE5220A8}.Release|Any CPU.ActiveCfg = Release|Any CPU
		{ED05BA7D-258F-4D1E-B3A4-E549CE5220A8}.Release|Any CPU.Build.0 = Release|Any CPU
		{ED05BA7D-258F-4D1E-B3A4-E549CE5220A8}.Release|x64.ActiveCfg = Release|Any CPU
		{ED05BA7D-258F-4D1E-B3A4-E549CE5220A8}.Release|x64.Build.0 = Release|Any CPU
		{ED05BA7D-258F-4D1E-B3A4-E549CE5220A8}.Release|x86.ActiveCfg = Release|Any CPU
		{ED05BA7D-258F-4D1E-B3A4-E549CE5220A8}.Release|x86.Build.0 = Release|Any CPU
		{30D7B9C0-FF05-4160-B67A-71E28A3AA1F2}.Debug|Any CPU.ActiveCfg = Debug|Any CPU
		{30D7B9C0-FF05-4160-B67A-71E28A3AA1F2}.Debug|Any CPU.Build.0 = Debug|Any CPU
		{30D7B9C0-FF05-4160-B67A-71E28A3AA1F2}.Debug|x64.ActiveCfg = Debug|Any CPU
		{30D7B9C0-FF05-4160-B67A-71E28A3AA1F2}.Debug|x64.Build.0 = Debug|Any CPU
		{30D7B9C0-FF05-4160-B67A-71E28A3AA1F2}.Debug|x86.ActiveCfg = Debug|Any CPU
		{30D7B9C0-FF05-4160-B67A-71E28A3AA1F2}.Debug|x86.Build.0 = Debug|Any CPU
		{30D7B9C0-FF05-4160-B67A-71E28A3AA1F2}.Release|Any CPU.ActiveCfg = Release|Any CPU
		{30D7B9C0-FF05-4160-B67A-71E28A3AA1F2}.Release|Any CPU.Build.0 = Release|Any CPU
		{30D7B9C0-FF05-4160-B67A-71E28A3AA1F2}.Release|x64.ActiveCfg = Release|Any CPU
		{30D7B9C0-FF05-4160-B67A-71E28A3AA1F2}.Release|x64.Build.0 = Release|Any CPU
		{30D7B9C0-FF05-4160-B67A-71E28A3AA1F2}.Release|x86.ActiveCfg = Release|Any CPU
		{30D7B9C0-FF05-4160-B67A-71E28A3AA1F2}.Release|x86.Build.0 = Release|Any CPU
		{FE4DC3FD-D64C-47A8-9473-E84B9FE92B61}.Debug|Any CPU.ActiveCfg = Debug|Any CPU
		{FE4DC3FD-D64C-47A8-9473-E84B9FE92B61}.Debug|Any CPU.Build.0 = Debug|Any CPU
		{FE4DC3FD-D64C-47A8-9473-E84B9FE92B61}.Debug|x64.ActiveCfg = Debug|Any CPU
		{FE4DC3FD-D64C-47A8-9473-E84B9FE92B61}.Debug|x64.Build.0 = Debug|Any CPU
		{FE4DC3FD-D64C-47A8-9473-E84B9FE92B61}.Debug|x86.ActiveCfg = Debug|Any CPU
		{FE4DC3FD-D64C-47A8-9473-E84B9FE92B61}.Debug|x86.Build.0 = Debug|Any CPU
		{FE4DC3FD-D64C-47A8-9473-E84B9FE92B61}.Release|Any CPU.ActiveCfg = Release|Any CPU
		{FE4DC3FD-D64C-47A8-9473-E84B9FE92B61}.Release|Any CPU.Build.0 = Release|Any CPU
		{FE4DC3FD-D64C-47A8-9473-E84B9FE92B61}.Release|x64.ActiveCfg = Release|Any CPU
		{FE4DC3FD-D64C-47A8-9473-E84B9FE92B61}.Release|x64.Build.0 = Release|Any CPU
		{FE4DC3FD-D64C-47A8-9473-E84B9FE92B61}.Release|x86.ActiveCfg = Release|Any CPU
		{FE4DC3FD-D64C-47A8-9473-E84B9FE92B61}.Release|x86.Build.0 = Release|Any CPU
		{641FEEE8-149A-451E-B45D-1DC921C25A57}.Debug|Any CPU.ActiveCfg = Debug|Any CPU
		{641FEEE8-149A-451E-B45D-1DC921C25A57}.Debug|Any CPU.Build.0 = Debug|Any CPU
		{641FEEE8-149A-451E-B45D-1DC921C25A57}.Debug|x64.ActiveCfg = Debug|Any CPU
		{641FEEE8-149A-451E-B45D-1DC921C25A57}.Debug|x64.Build.0 = Debug|Any CPU
		{641FEEE8-149A-451E-B45D-1DC921C25A57}.Debug|x86.ActiveCfg = Debug|Any CPU
		{641FEEE8-149A-451E-B45D-1DC921C25A57}.Debug|x86.Build.0 = Debug|Any CPU
		{641FEEE8-149A-451E-B45D-1DC921C25A57}.Release|Any CPU.ActiveCfg = Release|Any CPU
		{641FEEE8-149A-451E-B45D-1DC921C25A57}.Release|Any CPU.Build.0 = Release|Any CPU
		{641FEEE8-149A-451E-B45D-1DC921C25A57}.Release|x64.ActiveCfg = Release|Any CPU
		{641FEEE8-149A-451E-B45D-1DC921C25A57}.Release|x64.Build.0 = Release|Any CPU
		{641FEEE8-149A-451E-B45D-1DC921C25A57}.Release|x86.ActiveCfg = Release|Any CPU
		{641FEEE8-149A-451E-B45D-1DC921C25A57}.Release|x86.Build.0 = Release|Any CPU
		{51EB8134-91AC-4A34-B7AD-B0192157FAC7}.Debug|Any CPU.ActiveCfg = Debug|Any CPU
		{51EB8134-91AC-4A34-B7AD-B0192157FAC7}.Debug|Any CPU.Build.0 = Debug|Any CPU
		{51EB8134-91AC-4A34-B7AD-B0192157FAC7}.Debug|x64.ActiveCfg = Debug|Any CPU
		{51EB8134-91AC-4A34-B7AD-B0192157FAC7}.Debug|x64.Build.0 = Debug|Any CPU
		{51EB8134-91AC-4A34-B7AD-B0192157FAC7}.Debug|x86.ActiveCfg = Debug|Any CPU
		{51EB8134-91AC-4A34-B7AD-B0192157FAC7}.Debug|x86.Build.0 = Debug|Any CPU
		{51EB8134-91AC-4A34-B7AD-B0192157FAC7}.Release|Any CPU.ActiveCfg = Release|Any CPU
		{51EB8134-91AC-4A34-B7AD-B0192157FAC7}.Release|Any CPU.Build.0 = Release|Any CPU
		{51EB8134-91AC-4A34-B7AD-B0192157FAC7}.Release|x64.ActiveCfg = Release|Any CPU
		{51EB8134-91AC-4A34-B7AD-B0192157FAC7}.Release|x64.Build.0 = Release|Any CPU
		{51EB8134-91AC-4A34-B7AD-B0192157FAC7}.Release|x86.ActiveCfg = Release|Any CPU
		{51EB8134-91AC-4A34-B7AD-B0192157FAC7}.Release|x86.Build.0 = Release|Any CPU
		{8A811FC1-7331-48AC-81ED-8B7CFF67DF2D}.Debug|Any CPU.ActiveCfg = Debug|Any CPU
		{8A811FC1-7331-48AC-81ED-8B7CFF67DF2D}.Debug|Any CPU.Build.0 = Debug|Any CPU
		{8A811FC1-7331-48AC-81ED-8B7CFF67DF2D}.Debug|x64.ActiveCfg = Debug|Any CPU
		{8A811FC1-7331-48AC-81ED-8B7CFF67DF2D}.Debug|x64.Build.0 = Debug|Any CPU
		{8A811FC1-7331-48AC-81ED-8B7CFF67DF2D}.Debug|x86.ActiveCfg = Debug|Any CPU
		{8A811FC1-7331-48AC-81ED-8B7CFF67DF2D}.Debug|x86.Build.0 = Debug|Any CPU
		{8A811FC1-7331-48AC-81ED-8B7CFF67DF2D}.Release|Any CPU.ActiveCfg = Release|Any CPU
		{8A811FC1-7331-48AC-81ED-8B7CFF67DF2D}.Release|Any CPU.Build.0 = Release|Any CPU
		{8A811FC1-7331-48AC-81ED-8B7CFF67DF2D}.Release|x64.ActiveCfg = Release|Any CPU
		{8A811FC1-7331-48AC-81ED-8B7CFF67DF2D}.Release|x64.Build.0 = Release|Any CPU
		{8A811FC1-7331-48AC-81ED-8B7CFF67DF2D}.Release|x86.ActiveCfg = Release|Any CPU
		{8A811FC1-7331-48AC-81ED-8B7CFF67DF2D}.Release|x86.Build.0 = Release|Any CPU
		{59394F74-D00C-4392-B3E8-58F80647531F}.Debug|Any CPU.ActiveCfg = Debug|Any CPU
		{59394F74-D00C-4392-B3E8-58F80647531F}.Debug|Any CPU.Build.0 = Debug|Any CPU
		{59394F74-D00C-4392-B3E8-58F80647531F}.Debug|x64.ActiveCfg = Debug|Any CPU
		{59394F74-D00C-4392-B3E8-58F80647531F}.Debug|x64.Build.0 = Debug|Any CPU
		{59394F74-D00C-4392-B3E8-58F80647531F}.Debug|x86.ActiveCfg = Debug|Any CPU
		{59394F74-D00C-4392-B3E8-58F80647531F}.Debug|x86.Build.0 = Debug|Any CPU
		{59394F74-D00C-4392-B3E8-58F80647531F}.Release|Any CPU.ActiveCfg = Release|Any CPU
		{59394F74-D00C-4392-B3E8-58F80647531F}.Release|Any CPU.Build.0 = Release|Any CPU
		{59394F74-D00C-4392-B3E8-58F80647531F}.Release|x64.ActiveCfg = Release|Any CPU
		{59394F74-D00C-4392-B3E8-58F80647531F}.Release|x64.Build.0 = Release|Any CPU
		{59394F74-D00C-4392-B3E8-58F80647531F}.Release|x86.ActiveCfg = Release|Any CPU
		{59394F74-D00C-4392-B3E8-58F80647531F}.Release|x86.Build.0 = Release|Any CPU
		{34694154-1EBF-45A1-9704-D8A062B0675E}.Debug|Any CPU.ActiveCfg = Debug|Any CPU
		{34694154-1EBF-45A1-9704-D8A062B0675E}.Debug|Any CPU.Build.0 = Debug|Any CPU
		{34694154-1EBF-45A1-9704-D8A062B0675E}.Debug|x64.ActiveCfg = Debug|Any CPU
		{34694154-1EBF-45A1-9704-D8A062B0675E}.Debug|x64.Build.0 = Debug|Any CPU
		{34694154-1EBF-45A1-9704-D8A062B0675E}.Debug|x86.ActiveCfg = Debug|Any CPU
		{34694154-1EBF-45A1-9704-D8A062B0675E}.Debug|x86.Build.0 = Debug|Any CPU
		{34694154-1EBF-45A1-9704-D8A062B0675E}.Release|Any CPU.ActiveCfg = Release|Any CPU
		{34694154-1EBF-45A1-9704-D8A062B0675E}.Release|Any CPU.Build.0 = Release|Any CPU
		{34694154-1EBF-45A1-9704-D8A062B0675E}.Release|x64.ActiveCfg = Release|Any CPU
		{34694154-1EBF-45A1-9704-D8A062B0675E}.Release|x64.Build.0 = Release|Any CPU
		{34694154-1EBF-45A1-9704-D8A062B0675E}.Release|x86.ActiveCfg = Release|Any CPU
		{34694154-1EBF-45A1-9704-D8A062B0675E}.Release|x86.Build.0 = Release|Any CPU
		{5A778029-AD93-4F2F-9D9B-3A8FD04EC23B}.Debug|Any CPU.ActiveCfg = Debug|Any CPU
		{5A778029-AD93-4F2F-9D9B-3A8FD04EC23B}.Debug|Any CPU.Build.0 = Debug|Any CPU
		{5A778029-AD93-4F2F-9D9B-3A8FD04EC23B}.Debug|x64.ActiveCfg = Debug|Any CPU
		{5A778029-AD93-4F2F-9D9B-3A8FD04EC23B}.Debug|x64.Build.0 = Debug|Any CPU
		{5A778029-AD93-4F2F-9D9B-3A8FD04EC23B}.Debug|x86.ActiveCfg = Debug|Any CPU
		{5A778029-AD93-4F2F-9D9B-3A8FD04EC23B}.Debug|x86.Build.0 = Debug|Any CPU
		{5A778029-AD93-4F2F-9D9B-3A8FD04EC23B}.Release|Any CPU.ActiveCfg = Release|Any CPU
		{5A778029-AD93-4F2F-9D9B-3A8FD04EC23B}.Release|Any CPU.Build.0 = Release|Any CPU
		{5A778029-AD93-4F2F-9D9B-3A8FD04EC23B}.Release|x64.ActiveCfg = Release|Any CPU
		{5A778029-AD93-4F2F-9D9B-3A8FD04EC23B}.Release|x64.Build.0 = Release|Any CPU
		{5A778029-AD93-4F2F-9D9B-3A8FD04EC23B}.Release|x86.ActiveCfg = Release|Any CPU
		{5A778029-AD93-4F2F-9D9B-3A8FD04EC23B}.Release|x86.Build.0 = Release|Any CPU
	EndGlobalSection
	GlobalSection(SolutionProperties) = preSolution
		HideSolutionNode = FALSE
	EndGlobalSection
	GlobalSection(ExtensibilityGlobals) = postSolution
		SolutionGuid = {C5DFEF8A-9C95-453A-A240-05B07A6B4625}
	EndGlobalSection
EndGlobal
