Microsoft Visual Studio Solution File, Format Version 12.00
# 
Project("{2150E333-8FDC-42A3-9474-1A3956D46DE8}") = "Solution Items", "Solution Items", "{B283EBC2-E01F-412D-9339-FD56EF114549}"
	ProjectSection(SolutionItems) = preProject
		..\..\..\..\Directory.Build.props = ..\..\..\..\Directory.Build.props
		..\..\..\..\Directory.Build.targets = ..\..\..\..\Directory.Build.targets
		..\..\..\..\global.json = ..\..\..\..\global.json
		..\..\..\..\Packages\Versions.Local.props = ..\..\..\..\Packages\Versions.Local.props
	EndProjectSection
EndProject
Project("{FAE04EC0-301F-11D3-BF4B-00C04F79EFBC}") = "Dgmjr.AspNetCore.Controllers", "..\Controllers\Dgmjr.AspNetCore.Controllers.csproj", "{5DAE1BDD-E1B5-41FC-AF20-697EB01A92F1}"
EndProject
Project("{FAE04EC0-301F-11D3-BF4B-00C04F79EFBC}") = "Dgmjr.AspNetCore.Formatters", "..\Formatters\Dgmjr.AspNetCore.Formatters.csproj", "{1E323E43-5152-47C9-BE66-F35EBB9703D3}"
EndProject
Project("{FAE04EC0-301F-11D3-BF4B-00C04F79EFBC}") = "Dgmjr.AspNetCore.Hosting.Extensions", "..\Hosting.Extensions\Dgmjr.AspNetCore.Hosting.Extensions.csproj", "{79F7185B-CD53-4640-A654-E5B6D07A60EF}"
EndProject
Project("{FAE04EC0-301F-11D3-BF4B-00C04F79EFBC}") = "Dgmjr.Mime", "..\Http\Mime\Dgmjr.Mime.csproj", "{D82B7935-966F-49DF-8CC8-55A4FE1ED0B2}"
EndProject
Project("{FAE04EC0-301F-11D3-BF4B-00C04F79EFBC}") = "Dgmjr.Payloads", "..\Payloads\Dgmjr.Payloads.csproj", "{D93C4223-A5AB-455C-ABEB-AE2F784ADD42}"
EndProject
Project("{FAE04EC0-301F-11D3-BF4B-00C04F79EFBC}") = "Dgmjr.AspNetCore.Authentication", "..\Security\Authentication\Dgmjr.AspNetCore.Authentication.csproj", "{82A0FEAC-583C-45B2-990C-0EF99CDCCBDE}"
EndProject
Project("{FAE04EC0-301F-11D3-BF4B-00C04F79EFBC}") = "Dgmjr.AspNetCore.Authorization", "..\Security\Authorization\Dgmjr.AspNetCore.Authorization.csproj", "{87457364-DFAB-4BE2-9040-E99632C2E187}"
EndProject
Project("{FAE04EC0-301F-11D3-BF4B-00C04F79EFBC}") = "Dgmjr.AspNetCore.Swagger", "..\Swagger\Dgmjr.AspNetCore.Swagger.csproj", "{37BC1401-84A7-425B-90F5-A6346E1DC9A7}"
EndProject
Project("{FAE04EC0-301F-11D3-BF4B-00C04F79EFBC}") = "Dgmjr.AspNetCore.Startup", "Dgmjr.AspNetCore.Startup.csproj", "{0CC33708-79E4-4ADB-BD6D-A2F76EAD7325}"
EndProject
Global
	GlobalSection(SolutionConfigurationPlatforms) = preSolution
		Local|Any CPU = Local|Any CPU
		Debug|Any CPU = Debug|Any CPU
		Testing|Any CPU = Testing|Any CPU
		Staging|Any CPU = Staging|Any CPU
		Production|Any CPU = Production|Any CPU
		Release|Any CPU = Release|Any CPU
	EndGlobalSection
	GlobalSection(ProjectConfigurationPlatforms) = postSolution
		{5DAE1BDD-E1B5-41FC-AF20-697EB01A92F1}.Local|Any CPU.ActiveCfg = Local|Any CPU
		{5DAE1BDD-E1B5-41FC-AF20-697EB01A92F1}.Local|Any CPU.Build.0 = Local|Any CPU
		{5DAE1BDD-E1B5-41FC-AF20-697EB01A92F1}.Debug|Any CPU.ActiveCfg = Debug|Any CPU
		{5DAE1BDD-E1B5-41FC-AF20-697EB01A92F1}.Debug|Any CPU.Build.0 = Debug|Any CPU
		{5DAE1BDD-E1B5-41FC-AF20-697EB01A92F1}.Testing|Any CPU.ActiveCfg = Testing|Any CPU
		{5DAE1BDD-E1B5-41FC-AF20-697EB01A92F1}.Testing|Any CPU.Build.0 = Testing|Any CPU
		{5DAE1BDD-E1B5-41FC-AF20-697EB01A92F1}.Staging|Any CPU.ActiveCfg = Staging|Any CPU
		{5DAE1BDD-E1B5-41FC-AF20-697EB01A92F1}.Staging|Any CPU.Build.0 = Staging|Any CPU
		{5DAE1BDD-E1B5-41FC-AF20-697EB01A92F1}.Production|Any CPU.ActiveCfg = Local|Any CPU
		{5DAE1BDD-E1B5-41FC-AF20-697EB01A92F1}.Production|Any CPU.Build.0 = Local|Any CPU
		{5DAE1BDD-E1B5-41FC-AF20-697EB01A92F1}.Release|Any CPU.ActiveCfg = Release|Any CPU
		{5DAE1BDD-E1B5-41FC-AF20-697EB01A92F1}.Release|Any CPU.Build.0 = Release|Any CPU
		{1E323E43-5152-47C9-BE66-F35EBB9703D3}.Local|Any CPU.ActiveCfg = Local|Any CPU
		{1E323E43-5152-47C9-BE66-F35EBB9703D3}.Local|Any CPU.Build.0 = Local|Any CPU
		{1E323E43-5152-47C9-BE66-F35EBB9703D3}.Debug|Any CPU.ActiveCfg = Debug|Any CPU
		{1E323E43-5152-47C9-BE66-F35EBB9703D3}.Debug|Any CPU.Build.0 = Debug|Any CPU
		{1E323E43-5152-47C9-BE66-F35EBB9703D3}.Testing|Any CPU.ActiveCfg = Testing|Any CPU
		{1E323E43-5152-47C9-BE66-F35EBB9703D3}.Testing|Any CPU.Build.0 = Testing|Any CPU
		{1E323E43-5152-47C9-BE66-F35EBB9703D3}.Staging|Any CPU.ActiveCfg = Staging|Any CPU
		{1E323E43-5152-47C9-BE66-F35EBB9703D3}.Staging|Any CPU.Build.0 = Staging|Any CPU
		{1E323E43-5152-47C9-BE66-F35EBB9703D3}.Production|Any CPU.ActiveCfg = Local|Any CPU
		{1E323E43-5152-47C9-BE66-F35EBB9703D3}.Production|Any CPU.Build.0 = Local|Any CPU
		{1E323E43-5152-47C9-BE66-F35EBB9703D3}.Release|Any CPU.ActiveCfg = Release|Any CPU
		{1E323E43-5152-47C9-BE66-F35EBB9703D3}.Release|Any CPU.Build.0 = Release|Any CPU
		{79F7185B-CD53-4640-A654-E5B6D07A60EF}.Local|Any CPU.ActiveCfg = Local|Any CPU
		{79F7185B-CD53-4640-A654-E5B6D07A60EF}.Local|Any CPU.Build.0 = Local|Any CPU
		{79F7185B-CD53-4640-A654-E5B6D07A60EF}.Debug|Any CPU.ActiveCfg = Debug|Any CPU
		{79F7185B-CD53-4640-A654-E5B6D07A60EF}.Debug|Any CPU.Build.0 = Debug|Any CPU
		{79F7185B-CD53-4640-A654-E5B6D07A60EF}.Testing|Any CPU.ActiveCfg = Testing|Any CPU
		{79F7185B-CD53-4640-A654-E5B6D07A60EF}.Testing|Any CPU.Build.0 = Testing|Any CPU
		{79F7185B-CD53-4640-A654-E5B6D07A60EF}.Staging|Any CPU.ActiveCfg = Staging|Any CPU
		{79F7185B-CD53-4640-A654-E5B6D07A60EF}.Staging|Any CPU.Build.0 = Staging|Any CPU
		{79F7185B-CD53-4640-A654-E5B6D07A60EF}.Production|Any CPU.ActiveCfg = Local|Any CPU
		{79F7185B-CD53-4640-A654-E5B6D07A60EF}.Production|Any CPU.Build.0 = Local|Any CPU
		{79F7185B-CD53-4640-A654-E5B6D07A60EF}.Release|Any CPU.ActiveCfg = Release|Any CPU
		{79F7185B-CD53-4640-A654-E5B6D07A60EF}.Release|Any CPU.Build.0 = Release|Any CPU
		{D82B7935-966F-49DF-8CC8-55A4FE1ED0B2}.Local|Any CPU.ActiveCfg = Local|Any CPU
		{D82B7935-966F-49DF-8CC8-55A4FE1ED0B2}.Local|Any CPU.Build.0 = Local|Any CPU
		{D82B7935-966F-49DF-8CC8-55A4FE1ED0B2}.Debug|Any CPU.ActiveCfg = Debug|Any CPU
		{D82B7935-966F-49DF-8CC8-55A4FE1ED0B2}.Debug|Any CPU.Build.0 = Debug|Any CPU
		{D82B7935-966F-49DF-8CC8-55A4FE1ED0B2}.Testing|Any CPU.ActiveCfg = Testing|Any CPU
		{D82B7935-966F-49DF-8CC8-55A4FE1ED0B2}.Testing|Any CPU.Build.0 = Testing|Any CPU
		{D82B7935-966F-49DF-8CC8-55A4FE1ED0B2}.Staging|Any CPU.ActiveCfg = Staging|Any CPU
		{D82B7935-966F-49DF-8CC8-55A4FE1ED0B2}.Staging|Any CPU.Build.0 = Staging|Any CPU
		{D82B7935-966F-49DF-8CC8-55A4FE1ED0B2}.Production|Any CPU.ActiveCfg = Local|Any CPU
		{D82B7935-966F-49DF-8CC8-55A4FE1ED0B2}.Production|Any CPU.Build.0 = Local|Any CPU
		{D82B7935-966F-49DF-8CC8-55A4FE1ED0B2}.Release|Any CPU.ActiveCfg = Release|Any CPU
		{D82B7935-966F-49DF-8CC8-55A4FE1ED0B2}.Release|Any CPU.Build.0 = Release|Any CPU
		{D93C4223-A5AB-455C-ABEB-AE2F784ADD42}.Local|Any CPU.ActiveCfg = Local|Any CPU
		{D93C4223-A5AB-455C-ABEB-AE2F784ADD42}.Local|Any CPU.Build.0 = Local|Any CPU
		{D93C4223-A5AB-455C-ABEB-AE2F784ADD42}.Debug|Any CPU.ActiveCfg = Debug|Any CPU
		{D93C4223-A5AB-455C-ABEB-AE2F784ADD42}.Debug|Any CPU.Build.0 = Debug|Any CPU
		{D93C4223-A5AB-455C-ABEB-AE2F784ADD42}.Testing|Any CPU.ActiveCfg = Testing|Any CPU
		{D93C4223-A5AB-455C-ABEB-AE2F784ADD42}.Testing|Any CPU.Build.0 = Testing|Any CPU
		{D93C4223-A5AB-455C-ABEB-AE2F784ADD42}.Staging|Any CPU.ActiveCfg = Staging|Any CPU
		{D93C4223-A5AB-455C-ABEB-AE2F784ADD42}.Staging|Any CPU.Build.0 = Staging|Any CPU
		{D93C4223-A5AB-455C-ABEB-AE2F784ADD42}.Production|Any CPU.ActiveCfg = Local|Any CPU
		{D93C4223-A5AB-455C-ABEB-AE2F784ADD42}.Production|Any CPU.Build.0 = Local|Any CPU
		{D93C4223-A5AB-455C-ABEB-AE2F784ADD42}.Release|Any CPU.ActiveCfg = Release|Any CPU
		{D93C4223-A5AB-455C-ABEB-AE2F784ADD42}.Release|Any CPU.Build.0 = Release|Any CPU
		{82A0FEAC-583C-45B2-990C-0EF99CDCCBDE}.Local|Any CPU.ActiveCfg = Local|Any CPU
		{82A0FEAC-583C-45B2-990C-0EF99CDCCBDE}.Local|Any CPU.Build.0 = Local|Any CPU
		{82A0FEAC-583C-45B2-990C-0EF99CDCCBDE}.Debug|Any CPU.ActiveCfg = Debug|Any CPU
		{82A0FEAC-583C-45B2-990C-0EF99CDCCBDE}.Debug|Any CPU.Build.0 = Debug|Any CPU
		{82A0FEAC-583C-45B2-990C-0EF99CDCCBDE}.Testing|Any CPU.ActiveCfg = Testing|Any CPU
		{82A0FEAC-583C-45B2-990C-0EF99CDCCBDE}.Testing|Any CPU.Build.0 = Testing|Any CPU
		{82A0FEAC-583C-45B2-990C-0EF99CDCCBDE}.Staging|Any CPU.ActiveCfg = Staging|Any CPU
		{82A0FEAC-583C-45B2-990C-0EF99CDCCBDE}.Staging|Any CPU.Build.0 = Staging|Any CPU
		{82A0FEAC-583C-45B2-990C-0EF99CDCCBDE}.Production|Any CPU.ActiveCfg = Local|Any CPU
		{82A0FEAC-583C-45B2-990C-0EF99CDCCBDE}.Production|Any CPU.Build.0 = Local|Any CPU
		{82A0FEAC-583C-45B2-990C-0EF99CDCCBDE}.Release|Any CPU.ActiveCfg = Release|Any CPU
		{82A0FEAC-583C-45B2-990C-0EF99CDCCBDE}.Release|Any CPU.Build.0 = Release|Any CPU
		{87457364-DFAB-4BE2-9040-E99632C2E187}.Local|Any CPU.ActiveCfg = Local|Any CPU
		{87457364-DFAB-4BE2-9040-E99632C2E187}.Local|Any CPU.Build.0 = Local|Any CPU
		{87457364-DFAB-4BE2-9040-E99632C2E187}.Debug|Any CPU.ActiveCfg = Debug|Any CPU
		{87457364-DFAB-4BE2-9040-E99632C2E187}.Debug|Any CPU.Build.0 = Debug|Any CPU
		{87457364-DFAB-4BE2-9040-E99632C2E187}.Testing|Any CPU.ActiveCfg = Testing|Any CPU
		{87457364-DFAB-4BE2-9040-E99632C2E187}.Testing|Any CPU.Build.0 = Testing|Any CPU
		{87457364-DFAB-4BE2-9040-E99632C2E187}.Staging|Any CPU.ActiveCfg = Staging|Any CPU
		{87457364-DFAB-4BE2-9040-E99632C2E187}.Staging|Any CPU.Build.0 = Staging|Any CPU
		{87457364-DFAB-4BE2-9040-E99632C2E187}.Production|Any CPU.ActiveCfg = Local|Any CPU
		{87457364-DFAB-4BE2-9040-E99632C2E187}.Production|Any CPU.Build.0 = Local|Any CPU
		{87457364-DFAB-4BE2-9040-E99632C2E187}.Release|Any CPU.ActiveCfg = Release|Any CPU
		{87457364-DFAB-4BE2-9040-E99632C2E187}.Release|Any CPU.Build.0 = Release|Any CPU
		{37BC1401-84A7-425B-90F5-A6346E1DC9A7}.Local|Any CPU.ActiveCfg = Local|Any CPU
		{37BC1401-84A7-425B-90F5-A6346E1DC9A7}.Local|Any CPU.Build.0 = Local|Any CPU
		{37BC1401-84A7-425B-90F5-A6346E1DC9A7}.Debug|Any CPU.ActiveCfg = Debug|Any CPU
		{37BC1401-84A7-425B-90F5-A6346E1DC9A7}.Debug|Any CPU.Build.0 = Debug|Any CPU
		{37BC1401-84A7-425B-90F5-A6346E1DC9A7}.Testing|Any CPU.ActiveCfg = Testing|Any CPU
		{37BC1401-84A7-425B-90F5-A6346E1DC9A7}.Testing|Any CPU.Build.0 = Testing|Any CPU
		{37BC1401-84A7-425B-90F5-A6346E1DC9A7}.Staging|Any CPU.ActiveCfg = Staging|Any CPU
		{37BC1401-84A7-425B-90F5-A6346E1DC9A7}.Staging|Any CPU.Build.0 = Staging|Any CPU
		{37BC1401-84A7-425B-90F5-A6346E1DC9A7}.Production|Any CPU.ActiveCfg = Local|Any CPU
		{37BC1401-84A7-425B-90F5-A6346E1DC9A7}.Production|Any CPU.Build.0 = Local|Any CPU
		{37BC1401-84A7-425B-90F5-A6346E1DC9A7}.Release|Any CPU.ActiveCfg = Release|Any CPU
		{37BC1401-84A7-425B-90F5-A6346E1DC9A7}.Release|Any CPU.Build.0 = Release|Any CPU
		{0CC33708-79E4-4ADB-BD6D-A2F76EAD7325}.Local|Any CPU.ActiveCfg = Local|Any CPU
		{0CC33708-79E4-4ADB-BD6D-A2F76EAD7325}.Local|Any CPU.Build.0 = Local|Any CPU
		{0CC33708-79E4-4ADB-BD6D-A2F76EAD7325}.Debug|Any CPU.ActiveCfg = Debug|Any CPU
		{0CC33708-79E4-4ADB-BD6D-A2F76EAD7325}.Debug|Any CPU.Build.0 = Debug|Any CPU
		{0CC33708-79E4-4ADB-BD6D-A2F76EAD7325}.Testing|Any CPU.ActiveCfg = Testing|Any CPU
		{0CC33708-79E4-4ADB-BD6D-A2F76EAD7325}.Testing|Any CPU.Build.0 = Testing|Any CPU
		{0CC33708-79E4-4ADB-BD6D-A2F76EAD7325}.Staging|Any CPU.ActiveCfg = Staging|Any CPU
		{0CC33708-79E4-4ADB-BD6D-A2F76EAD7325}.Staging|Any CPU.Build.0 = Staging|Any CPU
		{0CC33708-79E4-4ADB-BD6D-A2F76EAD7325}.Production|Any CPU.ActiveCfg = Local|Any CPU
		{0CC33708-79E4-4ADB-BD6D-A2F76EAD7325}.Production|Any CPU.Build.0 = Local|Any CPU
		{0CC33708-79E4-4ADB-BD6D-A2F76EAD7325}.Release|Any CPU.ActiveCfg = Release|Any CPU
		{0CC33708-79E4-4ADB-BD6D-A2F76EAD7325}.Release|Any CPU.Build.0 = Release|Any CPU
	EndGlobalSection
	GlobalSection(SolutionProperties) = preSolution
		HideSolutionNode = FALSE
	EndGlobalSection
	GlobalSection(ExtensibilityGlobals) = postSolution
		SolutionGuid = {C5DFEF8A-9C95-453A-A240-05B07A6B4625}
	EndGlobalSection
EndGlobal
