Microsoft Visual Studio Solution File, Format Version 12.00
# 
Project("{2150E333-8FDC-42A3-9474-1A3956D46DE8}") = "Solution Items", "Solution Items", "{B283EBC2-E01F-412D-9339-FD56EF114549}"
	ProjectSection(SolutionItems) = preProject
		..\..\..\..\Directory.Build.props = ..\..\..\..\Directory.Build.props
		..\..\..\..\Directory.Build.targets = ..\..\..\..\Directory.Build.targets
		..\..\..\..\global.json = ..\..\..\..\global.json
		..\..\..\..\Packages\Versions.Local.props = ..\..\..\..\Packages\Versions.Local.props
	EndProjectSection
EndProject
Project("{FAE04EC0-301F-11D3-BF4B-00C04F79EFBC}") = "Dgmjr.AspNetCore.Controllers", "..\Controllers\Dgmjr.AspNetCore.Controllers.csproj", "{894A71FB-3F50-4E51-A394-ED17E0016691}"
EndProject
Project("{FAE04EC0-301F-11D3-BF4B-00C04F79EFBC}") = "Dgmjr.AspNetCore.Formatters", "..\Formatters\Dgmjr.AspNetCore.Formatters.csproj", "{126C98B2-BCB4-4C94-9DFD-F797F3DD6B59}"
EndProject
Project("{FAE04EC0-301F-11D3-BF4B-00C04F79EFBC}") = "Dgmjr.AspNetCore.Hosting.Extensions", "..\Hosting.Extensions\Dgmjr.AspNetCore.Hosting.Extensions.csproj", "{7912B0AF-53A0-4CB0-8E8D-4A75A87CB9B5}"
EndProject
Project("{FAE04EC0-301F-11D3-BF4B-00C04F79EFBC}") = "Dgmjr.AspNetCore.Authentication", "..\Security\Authentication\Dgmjr.AspNetCore.Authentication.csproj", "{5207CF33-FC88-4455-8C2B-095199320F4B}"
EndProject
Project("{FAE04EC0-301F-11D3-BF4B-00C04F79EFBC}") = "Dgmjr.AspNetCore.Authorization", "..\Security\Authorization\Dgmjr.AspNetCore.Authorization.csproj", "{B108D2D3-7FAC-4052-8617-4448D171F488}"
EndProject
Project("{FAE04EC0-301F-11D3-BF4B-00C04F79EFBC}") = "Dgmjr.AspNetCore.Swagger", "..\Swagger\Dgmjr.AspNetCore.Swagger.csproj", "{4E5A5548-8C44-46AA-B425-01E8ACEC6C29}"
EndProject
Project("{FAE04EC0-301F-11D3-BF4B-00C04F79EFBC}") = "Dgmjr.AspNetCore.Startup", "Dgmjr.AspNetCore.Startup.csproj", "{18AB5CB3-A2BC-47FE-9B15-E6F58862A50B}"
EndProject
Global
	GlobalSection(SolutionConfigurationPlatforms) = preSolution
		Local|Any CPU = Local|Any CPU
		Debug|Any CPU = Debug|Any CPU
		Testing|Any CPU = Testing|Any CPU
		Staging|Any CPU = Staging|Any CPU
		Production|Any CPU = Production|Any CPU
		Release|Any CPU = Release|Any CPU
	EndGlobalSection
	GlobalSection(ProjectConfigurationPlatforms) = postSolution
		{894A71FB-3F50-4E51-A394-ED17E0016691}.Local|Any CPU.ActiveCfg = Local|Any CPU
		{894A71FB-3F50-4E51-A394-ED17E0016691}.Local|Any CPU.Build.0 = Local|Any CPU
		{894A71FB-3F50-4E51-A394-ED17E0016691}.Debug|Any CPU.ActiveCfg = Debug|Any CPU
		{894A71FB-3F50-4E51-A394-ED17E0016691}.Debug|Any CPU.Build.0 = Debug|Any CPU
		{894A71FB-3F50-4E51-A394-ED17E0016691}.Testing|Any CPU.ActiveCfg = Testing|Any CPU
		{894A71FB-3F50-4E51-A394-ED17E0016691}.Testing|Any CPU.Build.0 = Testing|Any CPU
		{894A71FB-3F50-4E51-A394-ED17E0016691}.Staging|Any CPU.ActiveCfg = Staging|Any CPU
		{894A71FB-3F50-4E51-A394-ED17E0016691}.Staging|Any CPU.Build.0 = Staging|Any CPU
		{894A71FB-3F50-4E51-A394-ED17E0016691}.Production|Any CPU.ActiveCfg = Local|Any CPU
		{894A71FB-3F50-4E51-A394-ED17E0016691}.Production|Any CPU.Build.0 = Local|Any CPU
		{894A71FB-3F50-4E51-A394-ED17E0016691}.Release|Any CPU.ActiveCfg = Release|Any CPU
		{894A71FB-3F50-4E51-A394-ED17E0016691}.Release|Any CPU.Build.0 = Release|Any CPU
		{126C98B2-BCB4-4C94-9DFD-F797F3DD6B59}.Local|Any CPU.ActiveCfg = Local|Any CPU
		{126C98B2-BCB4-4C94-9DFD-F797F3DD6B59}.Local|Any CPU.Build.0 = Local|Any CPU
		{126C98B2-BCB4-4C94-9DFD-F797F3DD6B59}.Debug|Any CPU.ActiveCfg = Debug|Any CPU
		{126C98B2-BCB4-4C94-9DFD-F797F3DD6B59}.Debug|Any CPU.Build.0 = Debug|Any CPU
		{126C98B2-BCB4-4C94-9DFD-F797F3DD6B59}.Testing|Any CPU.ActiveCfg = Testing|Any CPU
		{126C98B2-BCB4-4C94-9DFD-F797F3DD6B59}.Testing|Any CPU.Build.0 = Testing|Any CPU
		{126C98B2-BCB4-4C94-9DFD-F797F3DD6B59}.Staging|Any CPU.ActiveCfg = Staging|Any CPU
		{126C98B2-BCB4-4C94-9DFD-F797F3DD6B59}.Staging|Any CPU.Build.0 = Staging|Any CPU
		{126C98B2-BCB4-4C94-9DFD-F797F3DD6B59}.Production|Any CPU.ActiveCfg = Local|Any CPU
		{126C98B2-BCB4-4C94-9DFD-F797F3DD6B59}.Production|Any CPU.Build.0 = Local|Any CPU
		{126C98B2-BCB4-4C94-9DFD-F797F3DD6B59}.Release|Any CPU.ActiveCfg = Release|Any CPU
		{126C98B2-BCB4-4C94-9DFD-F797F3DD6B59}.Release|Any CPU.Build.0 = Release|Any CPU
		{7912B0AF-53A0-4CB0-8E8D-4A75A87CB9B5}.Local|Any CPU.ActiveCfg = Local|Any CPU
		{7912B0AF-53A0-4CB0-8E8D-4A75A87CB9B5}.Local|Any CPU.Build.0 = Local|Any CPU
		{7912B0AF-53A0-4CB0-8E8D-4A75A87CB9B5}.Debug|Any CPU.ActiveCfg = Debug|Any CPU
		{7912B0AF-53A0-4CB0-8E8D-4A75A87CB9B5}.Debug|Any CPU.Build.0 = Debug|Any CPU
		{7912B0AF-53A0-4CB0-8E8D-4A75A87CB9B5}.Testing|Any CPU.ActiveCfg = Testing|Any CPU
		{7912B0AF-53A0-4CB0-8E8D-4A75A87CB9B5}.Testing|Any CPU.Build.0 = Testing|Any CPU
		{7912B0AF-53A0-4CB0-8E8D-4A75A87CB9B5}.Staging|Any CPU.ActiveCfg = Staging|Any CPU
		{7912B0AF-53A0-4CB0-8E8D-4A75A87CB9B5}.Staging|Any CPU.Build.0 = Staging|Any CPU
		{7912B0AF-53A0-4CB0-8E8D-4A75A87CB9B5}.Production|Any CPU.ActiveCfg = Local|Any CPU
		{7912B0AF-53A0-4CB0-8E8D-4A75A87CB9B5}.Production|Any CPU.Build.0 = Local|Any CPU
		{7912B0AF-53A0-4CB0-8E8D-4A75A87CB9B5}.Release|Any CPU.ActiveCfg = Release|Any CPU
		{7912B0AF-53A0-4CB0-8E8D-4A75A87CB9B5}.Release|Any CPU.Build.0 = Release|Any CPU
		{5207CF33-FC88-4455-8C2B-095199320F4B}.Local|Any CPU.ActiveCfg = Local|Any CPU
		{5207CF33-FC88-4455-8C2B-095199320F4B}.Local|Any CPU.Build.0 = Local|Any CPU
		{5207CF33-FC88-4455-8C2B-095199320F4B}.Debug|Any CPU.ActiveCfg = Debug|Any CPU
		{5207CF33-FC88-4455-8C2B-095199320F4B}.Debug|Any CPU.Build.0 = Debug|Any CPU
		{5207CF33-FC88-4455-8C2B-095199320F4B}.Testing|Any CPU.ActiveCfg = Testing|Any CPU
		{5207CF33-FC88-4455-8C2B-095199320F4B}.Testing|Any CPU.Build.0 = Testing|Any CPU
		{5207CF33-FC88-4455-8C2B-095199320F4B}.Staging|Any CPU.ActiveCfg = Staging|Any CPU
		{5207CF33-FC88-4455-8C2B-095199320F4B}.Staging|Any CPU.Build.0 = Staging|Any CPU
		{5207CF33-FC88-4455-8C2B-095199320F4B}.Production|Any CPU.ActiveCfg = Local|Any CPU
		{5207CF33-FC88-4455-8C2B-095199320F4B}.Production|Any CPU.Build.0 = Local|Any CPU
		{5207CF33-FC88-4455-8C2B-095199320F4B}.Release|Any CPU.ActiveCfg = Release|Any CPU
		{5207CF33-FC88-4455-8C2B-095199320F4B}.Release|Any CPU.Build.0 = Release|Any CPU
		{B108D2D3-7FAC-4052-8617-4448D171F488}.Local|Any CPU.ActiveCfg = Local|Any CPU
		{B108D2D3-7FAC-4052-8617-4448D171F488}.Local|Any CPU.Build.0 = Local|Any CPU
		{B108D2D3-7FAC-4052-8617-4448D171F488}.Debug|Any CPU.ActiveCfg = Debug|Any CPU
		{B108D2D3-7FAC-4052-8617-4448D171F488}.Debug|Any CPU.Build.0 = Debug|Any CPU
		{B108D2D3-7FAC-4052-8617-4448D171F488}.Testing|Any CPU.ActiveCfg = Testing|Any CPU
		{B108D2D3-7FAC-4052-8617-4448D171F488}.Testing|Any CPU.Build.0 = Testing|Any CPU
		{B108D2D3-7FAC-4052-8617-4448D171F488}.Staging|Any CPU.ActiveCfg = Staging|Any CPU
		{B108D2D3-7FAC-4052-8617-4448D171F488}.Staging|Any CPU.Build.0 = Staging|Any CPU
		{B108D2D3-7FAC-4052-8617-4448D171F488}.Production|Any CPU.ActiveCfg = Local|Any CPU
		{B108D2D3-7FAC-4052-8617-4448D171F488}.Production|Any CPU.Build.0 = Local|Any CPU
		{B108D2D3-7FAC-4052-8617-4448D171F488}.Release|Any CPU.ActiveCfg = Release|Any CPU
		{B108D2D3-7FAC-4052-8617-4448D171F488}.Release|Any CPU.Build.0 = Release|Any CPU
		{4E5A5548-8C44-46AA-B425-01E8ACEC6C29}.Local|Any CPU.ActiveCfg = Local|Any CPU
		{4E5A5548-8C44-46AA-B425-01E8ACEC6C29}.Local|Any CPU.Build.0 = Local|Any CPU
		{4E5A5548-8C44-46AA-B425-01E8ACEC6C29}.Debug|Any CPU.ActiveCfg = Debug|Any CPU
		{4E5A5548-8C44-46AA-B425-01E8ACEC6C29}.Debug|Any CPU.Build.0 = Debug|Any CPU
		{4E5A5548-8C44-46AA-B425-01E8ACEC6C29}.Testing|Any CPU.ActiveCfg = Testing|Any CPU
		{4E5A5548-8C44-46AA-B425-01E8ACEC6C29}.Testing|Any CPU.Build.0 = Testing|Any CPU
		{4E5A5548-8C44-46AA-B425-01E8ACEC6C29}.Staging|Any CPU.ActiveCfg = Staging|Any CPU
		{4E5A5548-8C44-46AA-B425-01E8ACEC6C29}.Staging|Any CPU.Build.0 = Staging|Any CPU
		{4E5A5548-8C44-46AA-B425-01E8ACEC6C29}.Production|Any CPU.ActiveCfg = Local|Any CPU
		{4E5A5548-8C44-46AA-B425-01E8ACEC6C29}.Production|Any CPU.Build.0 = Local|Any CPU
		{4E5A5548-8C44-46AA-B425-01E8ACEC6C29}.Release|Any CPU.ActiveCfg = Release|Any CPU
		{4E5A5548-8C44-46AA-B425-01E8ACEC6C29}.Release|Any CPU.Build.0 = Release|Any CPU
		{18AB5CB3-A2BC-47FE-9B15-E6F58862A50B}.Local|Any CPU.ActiveCfg = Local|Any CPU
		{18AB5CB3-A2BC-47FE-9B15-E6F58862A50B}.Local|Any CPU.Build.0 = Local|Any CPU
		{18AB5CB3-A2BC-47FE-9B15-E6F58862A50B}.Debug|Any CPU.ActiveCfg = Debug|Any CPU
		{18AB5CB3-A2BC-47FE-9B15-E6F58862A50B}.Debug|Any CPU.Build.0 = Debug|Any CPU
		{18AB5CB3-A2BC-47FE-9B15-E6F58862A50B}.Testing|Any CPU.ActiveCfg = Testing|Any CPU
		{18AB5CB3-A2BC-47FE-9B15-E6F58862A50B}.Testing|Any CPU.Build.0 = Testing|Any CPU
		{18AB5CB3-A2BC-47FE-9B15-E6F58862A50B}.Staging|Any CPU.ActiveCfg = Staging|Any CPU
		{18AB5CB3-A2BC-47FE-9B15-E6F58862A50B}.Staging|Any CPU.Build.0 = Staging|Any CPU
		{18AB5CB3-A2BC-47FE-9B15-E6F58862A50B}.Production|Any CPU.ActiveCfg = Local|Any CPU
		{18AB5CB3-A2BC-47FE-9B15-E6F58862A50B}.Production|Any CPU.Build.0 = Local|Any CPU
		{18AB5CB3-A2BC-47FE-9B15-E6F58862A50B}.Release|Any CPU.ActiveCfg = Release|Any CPU
		{18AB5CB3-A2BC-47FE-9B15-E6F58862A50B}.Release|Any CPU.Build.0 = Release|Any CPU
	EndGlobalSection
	GlobalSection(SolutionProperties) = preSolution
		HideSolutionNode = FALSE
	EndGlobalSection
	GlobalSection(ExtensibilityGlobals) = postSolution
		SolutionGuid = {C5DFEF8A-9C95-453A-A240-05B07A6B4625}
	EndGlobalSection
EndGlobal
