{
  "dependencies": {
    "@microsoft/dotnet-js-interop": {
      "integrity": "sha512-REgH1LzhP68m3i8B80KLyKLRIOhLbWjwGl60HyVQEqN2eDeFUlgRfjifMa+Udl/NpIIafjqslMAouV8BUzHm8Q==",
      "resolved": "https://registry.npmjs.org/@microsoft/dotnet-js-interop/-/dotnet-js-interop-8.0.0.tgz",
      "version": "8.0.0"
    }
  },
  "lockfileVersion": 1,
  "requires": true
}