Microsoft Visual Studio Solution File, Format Version 12.00
# 
Project("{2150E333-8FDC-42A3-9474-1A3956D46DE8}") = "Solution Items", "Solution Items", "{B283EBC2-E01F-412D-9339-FD56EF114549}"
	ProjectSection(SolutionItems) = preProject
		..\..\..\..\Directory.Build.props = ..\..\..\..\Directory.Build.props
		..\..\..\..\Directory.Build.targets = ..\..\..\..\Directory.Build.targets
		..\..\..\..\global.json = ..\..\..\..\global.json
		..\..\..\..\Packages\Versions.Local.props = ..\..\..\..\Packages\Versions.Local.props
	EndProjectSection
EndProject
Project("{FAE04EC0-301F-11D3-BF4B-00C04F79EFBC}") = "Dgmjr.AspNetCore.Controllers", "Dgmjr.AspNetCore.Controllers.csproj", "{D4CBDD93-4111-4B71-B502-FC0DD30BF146}"
EndProject
Global
	GlobalSection(SolutionConfigurationPlatforms) = preSolution
		Debug|Any CPU = Debug|Any CPU
		Debug|x64 = Debug|x64
		Debug|x86 = Debug|x86
		Release|Any CPU = Release|Any CPU
		Release|x64 = Release|x64
		Release|x86 = Release|x86
	EndGlobalSection
	GlobalSection(ProjectConfigurationPlatforms) = postSolution
		{D4CBDD93-4111-4B71-B502-FC0DD30BF146}.Debug|Any CPU.ActiveCfg = Debug|Any CPU
		{D4CBDD93-4111-4B71-B502-FC0DD30BF146}.Debug|Any CPU.Build.0 = Debug|Any CPU
		{D4CBDD93-4111-4B71-B502-FC0DD30BF146}.Debug|x64.ActiveCfg = Debug|Any CPU
		{D4CBDD93-4111-4B71-B502-FC0DD30BF146}.Debug|x64.Build.0 = Debug|Any CPU
		{D4CBDD93-4111-4B71-B502-FC0DD30BF146}.Debug|x86.ActiveCfg = Debug|Any CPU
		{D4CBDD93-4111-4B71-B502-FC0DD30BF146}.Debug|x86.Build.0 = Debug|Any CPU
		{D4CBDD93-4111-4B71-B502-FC0DD30BF146}.Release|Any CPU.ActiveCfg = Release|Any CPU
		{D4CBDD93-4111-4B71-B502-FC0DD30BF146}.Release|Any CPU.Build.0 = Release|Any CPU
		{D4CBDD93-4111-4B71-B502-FC0DD30BF146}.Release|x64.ActiveCfg = Release|Any CPU
		{D4CBDD93-4111-4B71-B502-FC0DD30BF146}.Release|x64.Build.0 = Release|Any CPU
		{D4CBDD93-4111-4B71-B502-FC0DD30BF146}.Release|x86.ActiveCfg = Release|Any CPU
		{D4CBDD93-4111-4B71-B502-FC0DD30BF146}.Release|x86.Build.0 = Release|Any CPU
	EndGlobalSection
	GlobalSection(SolutionProperties) = preSolution
		HideSolutionNode = FALSE
	EndGlobalSection
	GlobalSection(ExtensibilityGlobals) = postSolution
		SolutionGuid = {B1BCFD69-48DA-4947-86AB-A29F9F37AC05}
	EndGlobalSection
EndGlobal
