Microsoft Visual Studio Solution File, Format Version 12.00
# 
Project("{2150E333-8FDC-42A3-9474-1A3956D46DE8}") = "Solution Items", "Solution Items", "{B283EBC2-E01F-412D-9339-FD56EF114549}"
	ProjectSection(SolutionItems) = preProject
		..\..\Directory.Build.props = ..\..\Directory.Build.props
		..\..\..\..\Directory.Build.targets = ..\..\..\..\Directory.Build.targets
		..\..\..\..\global.json = ..\..\..\..\global.json
		..\..\..\..\Packages\Versions.Local.props = ..\..\..\..\Packages\Versions.Local.props
	EndProjectSection
EndProject
Project("{FAE04EC0-301F-11D3-BF4B-00C04F79EFBC}") = "Dgmjr.Web.DownstreamApis", "..\DownstreamApis\Dgmjr.Web.DownstreamApis.csproj", "{0EB63FC8-4D68-471C-BF25-FF7FBE57A33F}"
EndProject
Project("{FAE04EC0-301F-11D3-BF4B-00C04F79EFBC}") = "Dgmjr.Graph", "Dgmjr.Graph.csproj", "{A709C2EE-65CD-4659-96B4-F8027A6DB49D}"
EndProject
Global
	GlobalSection(SolutionConfigurationPlatforms) = preSolution
		Local|Any CPU = Local|Any CPU
		Debug|Any CPU = Debug|Any CPU
		Testing|Any CPU = Testing|Any CPU
		Staging|Any CPU = Staging|Any CPU
		Production|Any CPU = Production|Any CPU
		Release|Any CPU = Release|Any CPU
	EndGlobalSection
	GlobalSection(ProjectConfigurationPlatforms) = postSolution
		{0EB63FC8-4D68-471C-BF25-FF7FBE57A33F}.Local|Any CPU.ActiveCfg = Local|Any CPU
		{0EB63FC8-4D68-471C-BF25-FF7FBE57A33F}.Local|Any CPU.Build.0 = Local|Any CPU
		{0EB63FC8-4D68-471C-BF25-FF7FBE57A33F}.Debug|Any CPU.ActiveCfg = Debug|Any CPU
		{0EB63FC8-4D68-471C-BF25-FF7FBE57A33F}.Debug|Any CPU.Build.0 = Debug|Any CPU
		{0EB63FC8-4D68-471C-BF25-FF7FBE57A33F}.Testing|Any CPU.ActiveCfg = Testing|Any CPU
		{0EB63FC8-4D68-471C-BF25-FF7FBE57A33F}.Testing|Any CPU.Build.0 = Testing|Any CPU
		{0EB63FC8-4D68-471C-BF25-FF7FBE57A33F}.Staging|Any CPU.ActiveCfg = Staging|Any CPU
		{0EB63FC8-4D68-471C-BF25-FF7FBE57A33F}.Staging|Any CPU.Build.0 = Staging|Any CPU
		{0EB63FC8-4D68-471C-BF25-FF7FBE57A33F}.Production|Any CPU.ActiveCfg = Local|Any CPU
		{0EB63FC8-4D68-471C-BF25-FF7FBE57A33F}.Production|Any CPU.Build.0 = Local|Any CPU
		{0EB63FC8-4D68-471C-BF25-FF7FBE57A33F}.Release|Any CPU.ActiveCfg = Release|Any CPU
		{0EB63FC8-4D68-471C-BF25-FF7FBE57A33F}.Release|Any CPU.Build.0 = Release|Any CPU
		{A709C2EE-65CD-4659-96B4-F8027A6DB49D}.Local|Any CPU.ActiveCfg = Local|Any CPU
		{A709C2EE-65CD-4659-96B4-F8027A6DB49D}.Local|Any CPU.Build.0 = Local|Any CPU
		{A709C2EE-65CD-4659-96B4-F8027A6DB49D}.Debug|Any CPU.ActiveCfg = Debug|Any CPU
		{A709C2EE-65CD-4659-96B4-F8027A6DB49D}.Debug|Any CPU.Build.0 = Debug|Any CPU
		{A709C2EE-65CD-4659-96B4-F8027A6DB49D}.Testing|Any CPU.ActiveCfg = Testing|Any CPU
		{A709C2EE-65CD-4659-96B4-F8027A6DB49D}.Testing|Any CPU.Build.0 = Testing|Any CPU
		{A709C2EE-65CD-4659-96B4-F8027A6DB49D}.Staging|Any CPU.ActiveCfg = Staging|Any CPU
		{A709C2EE-65CD-4659-96B4-F8027A6DB49D}.Staging|Any CPU.Build.0 = Staging|Any CPU
		{A709C2EE-65CD-4659-96B4-F8027A6DB49D}.Production|Any CPU.ActiveCfg = Local|Any CPU
		{A709C2EE-65CD-4659-96B4-F8027A6DB49D}.Production|Any CPU.Build.0 = Local|Any CPU
		{A709C2EE-65CD-4659-96B4-F8027A6DB49D}.Release|Any CPU.ActiveCfg = Release|Any CPU
		{A709C2EE-65CD-4659-96B4-F8027A6DB49D}.Release|Any CPU.Build.0 = Release|Any CPU
	EndGlobalSection
	GlobalSection(SolutionProperties) = preSolution
		HideSolutionNode = FALSE
	EndGlobalSection
	GlobalSection(ExtensibilityGlobals) = postSolution
		SolutionGuid = {5AF03949-454C-4A5D-A473-76EB9E230E98}
	EndGlobalSection
EndGlobal
