Microsoft Visual Studio Solution File, Format Version 12.00
Project("{9A19103F-16F7-4668-BE54-9A1E7A4F7556}") = "Dgmjr.AspNetCore.ErrorHandling", "Dgmjr.AspNetCore.ErrorHandling.csproj", "{CCCC6FC4-189C-4751-9F6F-5E11A23DB296}"
EndProject
Project("{9A19103F-16F7-4668-BE54-9A1E7A4F7556}") = "Dgmjr.AspNetCore.Hosting.Extensions", "..\Hosting.Extensions\Dgmjr.AspNetCore.Hosting.Extensions.csproj", "{10E11BEB-C699-4BC2-81CC-C12CF4525FC7}"
EndProject
Project("{2150E333-8FDC-42A3-9474-1A3956D46DE8}") = "src", "src", "{88F3F3D9-6A81-4C6B-917A-CBA60704C1EE}"
EndProject
Global
	GlobalSection(SolutionConfigurationPlatforms) = preSolution
		Local|Any CPU = Local|Any CPU
		Debug|Any CPU = Debug|Any CPU
		Staging|Any CPU = Staging|Any CPU
		Release|Any CPU = Release|Any CPU
		Testing|Any CPU = Testing|Any CPU
	EndGlobalSection
	GlobalSection(ProjectConfigurationPlatforms) = postSolution
		{CCCC6FC4-189C-4751-9F6F-5E11A23DB296}.Local|Any CPU.ActiveCfg = Local|Any CPU
		{CCCC6FC4-189C-4751-9F6F-5E11A23DB296}.Local|Any CPU.Build.0 = Local|Any CPU
		{CCCC6FC4-189C-4751-9F6F-5E11A23DB296}.Debug|Any CPU.ActiveCfg = Debug|Any CPU
		{CCCC6FC4-189C-4751-9F6F-5E11A23DB296}.Debug|Any CPU.Build.0 = Debug|Any CPU
		{CCCC6FC4-189C-4751-9F6F-5E11A23DB296}.Staging|Any CPU.ActiveCfg = Staging|Any CPU
		{CCCC6FC4-189C-4751-9F6F-5E11A23DB296}.Staging|Any CPU.Build.0 = Staging|Any CPU
		{CCCC6FC4-189C-4751-9F6F-5E11A23DB296}.Release|Any CPU.ActiveCfg = Release|Any CPU
		{CCCC6FC4-189C-4751-9F6F-5E11A23DB296}.Release|Any CPU.Build.0 = Release|Any CPU
		{CCCC6FC4-189C-4751-9F6F-5E11A23DB296}.Testing|Any CPU.ActiveCfg = Testing|Any CPU
		{CCCC6FC4-189C-4751-9F6F-5E11A23DB296}.Testing|Any CPU.Build.0 = Testing|Any CPU
		{10E11BEB-C699-4BC2-81CC-C12CF4525FC7}.Local|Any CPU.ActiveCfg = Local|Any CPU
		{10E11BEB-C699-4BC2-81CC-C12CF4525FC7}.Local|Any CPU.Build.0 = Local|Any CPU
		{10E11BEB-C699-4BC2-81CC-C12CF4525FC7}.Debug|Any CPU.ActiveCfg = Debug|Any CPU
		{10E11BEB-C699-4BC2-81CC-C12CF4525FC7}.Debug|Any CPU.Build.0 = Debug|Any CPU
		{10E11BEB-C699-4BC2-81CC-C12CF4525FC7}.Staging|Any CPU.ActiveCfg = Staging|Any CPU
		{10E11BEB-C699-4BC2-81CC-C12CF4525FC7}.Staging|Any CPU.Build.0 = Staging|Any CPU
		{10E11BEB-C699-4BC2-81CC-C12CF4525FC7}.Release|Any CPU.ActiveCfg = Release|Any CPU
		{10E11BEB-C699-4BC2-81CC-C12CF4525FC7}.Release|Any CPU.Build.0 = Release|Any CPU
		{10E11BEB-C699-4BC2-81CC-C12CF4525FC7}.Testing|Any CPU.ActiveCfg = Testing|Any CPU
		{10E11BEB-C699-4BC2-81CC-C12CF4525FC7}.Testing|Any CPU.Build.0 = Testing|Any CPU
	EndGlobalSection
	GlobalSection(SolutionProperties) = preSolution
		HideSolutionNode = FALSE
	EndGlobalSection
	GlobalSection(NestedProjects) = preSolution
		{CCCC6FC4-189C-4751-9F6F-5E11A23DB296} = {88F3F3D9-6A81-4C6B-917A-CBA60704C1EE}
		{10E11BEB-C699-4BC2-81CC-C12CF4525FC7} = {88F3F3D9-6A81-4C6B-917A-CBA60704C1EE}
	EndGlobalSection
	GlobalSection(ExtensibilityGlobals) = postSolution
		SolutionGuid = {6D08B945-F583-42AD-A243-2D3C97C027D2}
	EndGlobalSection
EndGlobal
