Microsoft Visual Studio Solution File, Format Version 12.00
# 
Project("{2150E333-8FDC-42A3-9474-1A3956D46DE8}") = "Solution Items", "Solution Items", "{B283EBC2-E01F-412D-9339-FD56EF114549}"
	ProjectSection(SolutionItems) = preProject
		..\..\..\..\Directory.Build.props = ..\..\..\..\Directory.Build.props
		..\..\..\..\Directory.Build.targets = ..\..\..\..\Directory.Build.targets
		..\..\..\..\global.json = ..\..\..\..\global.json
		..\..\..\..\Packages\Versions.Local.props = ..\..\..\..\Packages\Versions.Local.props
	EndProjectSection
EndProject
Project("{FAE04EC0-301F-11D3-BF4B-00C04F79EFBC}") = "Dgmjr.AspNetCore.Hosting.Extensions", "..\Hosting.Extensions\Dgmjr.AspNetCore.Hosting.Extensions.csproj", "{0248D8F9-29A5-44F6-81EB-C1EC45E70709}"
EndProject
Project("{FAE04EC0-301F-11D3-BF4B-00C04F79EFBC}") = "Dgmjr.AspNetCore.ErrorHandling", "Dgmjr.AspNetCore.ErrorHandling.csproj", "{976D790F-5331-4AF9-8757-76EE9B94E74C}"
EndProject
Global
	GlobalSection(SolutionConfigurationPlatforms) = preSolution
		Local|Any CPU = Local|Any CPU
		Debug|Any CPU = Debug|Any CPU
		Testing|Any CPU = Testing|Any CPU
		Staging|Any CPU = Staging|Any CPU
		Production|Any CPU = Production|Any CPU
		Release|Any CPU = Release|Any CPU
	EndGlobalSection
	GlobalSection(ProjectConfigurationPlatforms) = postSolution
		{0248D8F9-29A5-44F6-81EB-C1EC45E70709}.Local|Any CPU.ActiveCfg = Local|Any CPU
		{0248D8F9-29A5-44F6-81EB-C1EC45E70709}.Local|Any CPU.Build.0 = Local|Any CPU
		{0248D8F9-29A5-44F6-81EB-C1EC45E70709}.Debug|Any CPU.ActiveCfg = Debug|Any CPU
		{0248D8F9-29A5-44F6-81EB-C1EC45E70709}.Debug|Any CPU.Build.0 = Debug|Any CPU
		{0248D8F9-29A5-44F6-81EB-C1EC45E70709}.Testing|Any CPU.ActiveCfg = Testing|Any CPU
		{0248D8F9-29A5-44F6-81EB-C1EC45E70709}.Testing|Any CPU.Build.0 = Testing|Any CPU
		{0248D8F9-29A5-44F6-81EB-C1EC45E70709}.Staging|Any CPU.ActiveCfg = Staging|Any CPU
		{0248D8F9-29A5-44F6-81EB-C1EC45E70709}.Staging|Any CPU.Build.0 = Staging|Any CPU
		{0248D8F9-29A5-44F6-81EB-C1EC45E70709}.Production|Any CPU.ActiveCfg = Local|Any CPU
		{0248D8F9-29A5-44F6-81EB-C1EC45E70709}.Production|Any CPU.Build.0 = Local|Any CPU
		{0248D8F9-29A5-44F6-81EB-C1EC45E70709}.Release|Any CPU.ActiveCfg = Release|Any CPU
		{0248D8F9-29A5-44F6-81EB-C1EC45E70709}.Release|Any CPU.Build.0 = Release|Any CPU
		{976D790F-5331-4AF9-8757-76EE9B94E74C}.Local|Any CPU.ActiveCfg = Local|Any CPU
		{976D790F-5331-4AF9-8757-76EE9B94E74C}.Local|Any CPU.Build.0 = Local|Any CPU
		{976D790F-5331-4AF9-8757-76EE9B94E74C}.Debug|Any CPU.ActiveCfg = Debug|Any CPU
		{976D790F-5331-4AF9-8757-76EE9B94E74C}.Debug|Any CPU.Build.0 = Debug|Any CPU
		{976D790F-5331-4AF9-8757-76EE9B94E74C}.Testing|Any CPU.ActiveCfg = Testing|Any CPU
		{976D790F-5331-4AF9-8757-76EE9B94E74C}.Testing|Any CPU.Build.0 = Testing|Any CPU
		{976D790F-5331-4AF9-8757-76EE9B94E74C}.Staging|Any CPU.ActiveCfg = Staging|Any CPU
		{976D790F-5331-4AF9-8757-76EE9B94E74C}.Staging|Any CPU.Build.0 = Staging|Any CPU
		{976D790F-5331-4AF9-8757-76EE9B94E74C}.Production|Any CPU.ActiveCfg = Local|Any CPU
		{976D790F-5331-4AF9-8757-76EE9B94E74C}.Production|Any CPU.Build.0 = Local|Any CPU
		{976D790F-5331-4AF9-8757-76EE9B94E74C}.Release|Any CPU.ActiveCfg = Release|Any CPU
		{976D790F-5331-4AF9-8757-76EE9B94E74C}.Release|Any CPU.Build.0 = Release|Any CPU
	EndGlobalSection
	GlobalSection(SolutionProperties) = preSolution
		HideSolutionNode = FALSE
	EndGlobalSection
	GlobalSection(ExtensibilityGlobals) = postSolution
		SolutionGuid = {6D08B945-F583-42AD-A243-2D3C97C027D2}
	EndGlobalSection
EndGlobal
