Microsoft Visual Studio Solution File, Format Version 12.00
# 
Project("{2150E333-8FDC-42A3-9474-1A3956D46DE8}") = "Solution Items", "Solution Items", "{B283EBC2-E01F-412D-9339-FD56EF114549}"
	ProjectSection(SolutionItems) = preProject
		..\..\Directory.Build.props = ..\..\Directory.Build.props
		..\..\..\..\Directory.Build.targets = ..\..\..\..\Directory.Build.targets
		..\..\..\..\global.json = ..\..\..\..\global.json
		..\..\..\..\Packages\Versions.Local.props = ..\..\..\..\Packages\Versions.Local.props
	EndProjectSection
EndProject
Project("{FAE04EC0-301F-11D3-BF4B-00C04F79EFBC}") = "Dgmjr.Mime", "..\Http\Mime\Dgmjr.Mime.csproj", "{01F53761-D4A6-4421-9054-CB7219E242C2}"
EndProject
Project("{FAE04EC0-301F-11D3-BF4B-00C04F79EFBC}") = "Dgmjr.Http.StatusCodes", "..\Http\ResponseCodes\Dgmjr.Http.StatusCodes.csproj", "{931B2A60-CCE0-439A-8692-25F844BAB31A}"
EndProject
Project("{FAE04EC0-301F-11D3-BF4B-00C04F79EFBC}") = "Dgmjr.AspNetCore.Mvc.Polyfills", "..\Mvc.Polyfills\Dgmjr.AspNetCore.Mvc.Polyfills.csproj", "{389FCA74-D3B7-466E-AEC4-46CB5BB38CD4}"
EndProject
Project("{FAE04EC0-301F-11D3-BF4B-00C04F79EFBC}") = "Dgmjr.AspNetCore.Mvc", "Dgmjr.AspNetCore.Mvc.csproj", "{0ED02701-5FCF-4227-BEE5-F864A059068C}"
EndProject
Global
	GlobalSection(SolutionConfigurationPlatforms) = preSolution
		Local|Any CPU = Local|Any CPU
		Debug|Any CPU = Debug|Any CPU
		Testing|Any CPU = Testing|Any CPU
		Staging|Any CPU = Staging|Any CPU
		Production|Any CPU = Production|Any CPU
		Release|Any CPU = Release|Any CPU
	EndGlobalSection
	GlobalSection(ProjectConfigurationPlatforms) = postSolution
		{01F53761-D4A6-4421-9054-CB7219E242C2}.Local|Any CPU.ActiveCfg = Local|Any CPU
		{01F53761-D4A6-4421-9054-CB7219E242C2}.Local|Any CPU.Build.0 = Local|Any CPU
		{01F53761-D4A6-4421-9054-CB7219E242C2}.Debug|Any CPU.ActiveCfg = Debug|Any CPU
		{01F53761-D4A6-4421-9054-CB7219E242C2}.Debug|Any CPU.Build.0 = Debug|Any CPU
		{01F53761-D4A6-4421-9054-CB7219E242C2}.Testing|Any CPU.ActiveCfg = Testing|Any CPU
		{01F53761-D4A6-4421-9054-CB7219E242C2}.Testing|Any CPU.Build.0 = Testing|Any CPU
		{01F53761-D4A6-4421-9054-CB7219E242C2}.Staging|Any CPU.ActiveCfg = Staging|Any CPU
		{01F53761-D4A6-4421-9054-CB7219E242C2}.Staging|Any CPU.Build.0 = Staging|Any CPU
		{01F53761-D4A6-4421-9054-CB7219E242C2}.Production|Any CPU.ActiveCfg = Local|Any CPU
		{01F53761-D4A6-4421-9054-CB7219E242C2}.Production|Any CPU.Build.0 = Local|Any CPU
		{01F53761-D4A6-4421-9054-CB7219E242C2}.Release|Any CPU.ActiveCfg = Release|Any CPU
		{01F53761-D4A6-4421-9054-CB7219E242C2}.Release|Any CPU.Build.0 = Release|Any CPU
		{931B2A60-CCE0-439A-8692-25F844BAB31A}.Local|Any CPU.ActiveCfg = Local|Any CPU
		{931B2A60-CCE0-439A-8692-25F844BAB31A}.Local|Any CPU.Build.0 = Local|Any CPU
		{931B2A60-CCE0-439A-8692-25F844BAB31A}.Debug|Any CPU.ActiveCfg = Debug|Any CPU
		{931B2A60-CCE0-439A-8692-25F844BAB31A}.Debug|Any CPU.Build.0 = Debug|Any CPU
		{931B2A60-CCE0-439A-8692-25F844BAB31A}.Testing|Any CPU.ActiveCfg = Testing|Any CPU
		{931B2A60-CCE0-439A-8692-25F844BAB31A}.Testing|Any CPU.Build.0 = Testing|Any CPU
		{931B2A60-CCE0-439A-8692-25F844BAB31A}.Staging|Any CPU.ActiveCfg = Staging|Any CPU
		{931B2A60-CCE0-439A-8692-25F844BAB31A}.Staging|Any CPU.Build.0 = Staging|Any CPU
		{931B2A60-CCE0-439A-8692-25F844BAB31A}.Production|Any CPU.ActiveCfg = Local|Any CPU
		{931B2A60-CCE0-439A-8692-25F844BAB31A}.Production|Any CPU.Build.0 = Local|Any CPU
		{931B2A60-CCE0-439A-8692-25F844BAB31A}.Release|Any CPU.ActiveCfg = Release|Any CPU
		{931B2A60-CCE0-439A-8692-25F844BAB31A}.Release|Any CPU.Build.0 = Release|Any CPU
		{389FCA74-D3B7-466E-AEC4-46CB5BB38CD4}.Local|Any CPU.ActiveCfg = Local|Any CPU
		{389FCA74-D3B7-466E-AEC4-46CB5BB38CD4}.Local|Any CPU.Build.0 = Local|Any CPU
		{389FCA74-D3B7-466E-AEC4-46CB5BB38CD4}.Debug|Any CPU.ActiveCfg = Debug|Any CPU
		{389FCA74-D3B7-466E-AEC4-46CB5BB38CD4}.Debug|Any CPU.Build.0 = Debug|Any CPU
		{389FCA74-D3B7-466E-AEC4-46CB5BB38CD4}.Testing|Any CPU.ActiveCfg = Testing|Any CPU
		{389FCA74-D3B7-466E-AEC4-46CB5BB38CD4}.Testing|Any CPU.Build.0 = Testing|Any CPU
		{389FCA74-D3B7-466E-AEC4-46CB5BB38CD4}.Staging|Any CPU.ActiveCfg = Staging|Any CPU
		{389FCA74-D3B7-466E-AEC4-46CB5BB38CD4}.Staging|Any CPU.Build.0 = Staging|Any CPU
		{389FCA74-D3B7-466E-AEC4-46CB5BB38CD4}.Production|Any CPU.ActiveCfg = Local|Any CPU
		{389FCA74-D3B7-466E-AEC4-46CB5BB38CD4}.Production|Any CPU.Build.0 = Local|Any CPU
		{389FCA74-D3B7-466E-AEC4-46CB5BB38CD4}.Release|Any CPU.ActiveCfg = Release|Any CPU
		{389FCA74-D3B7-466E-AEC4-46CB5BB38CD4}.Release|Any CPU.Build.0 = Release|Any CPU
		{0ED02701-5FCF-4227-BEE5-F864A059068C}.Local|Any CPU.ActiveCfg = Local|Any CPU
		{0ED02701-5FCF-4227-BEE5-F864A059068C}.Local|Any CPU.Build.0 = Local|Any CPU
		{0ED02701-5FCF-4227-BEE5-F864A059068C}.Debug|Any CPU.ActiveCfg = Debug|Any CPU
		{0ED02701-5FCF-4227-BEE5-F864A059068C}.Debug|Any CPU.Build.0 = Debug|Any CPU
		{0ED02701-5FCF-4227-BEE5-F864A059068C}.Testing|Any CPU.ActiveCfg = Testing|Any CPU
		{0ED02701-5FCF-4227-BEE5-F864A059068C}.Testing|Any CPU.Build.0 = Testing|Any CPU
		{0ED02701-5FCF-4227-BEE5-F864A059068C}.Staging|Any CPU.ActiveCfg = Staging|Any CPU
		{0ED02701-5FCF-4227-BEE5-F864A059068C}.Staging|Any CPU.Build.0 = Staging|Any CPU
		{0ED02701-5FCF-4227-BEE5-F864A059068C}.Production|Any CPU.ActiveCfg = Local|Any CPU
		{0ED02701-5FCF-4227-BEE5-F864A059068C}.Production|Any CPU.Build.0 = Local|Any CPU
		{0ED02701-5FCF-4227-BEE5-F864A059068C}.Release|Any CPU.ActiveCfg = Release|Any CPU
		{0ED02701-5FCF-4227-BEE5-F864A059068C}.Release|Any CPU.Build.0 = Release|Any CPU
	EndGlobalSection
	GlobalSection(SolutionProperties) = preSolution
		HideSolutionNode = FALSE
	EndGlobalSection
	GlobalSection(ExtensibilityGlobals) = postSolution
		SolutionGuid = {F2976566-223F-4393-9A1E-BB8EA5953CED}
	EndGlobalSection
EndGlobal
