Microsoft Visual Studio Solution File, Format Version 12.00
# 
Project("{2150E333-8FDC-42A3-9474-1A3956D46DE8}") = "Solution Items", "Solution Items", "{B283EBC2-E01F-412D-9339-FD56EF114549}"
	ProjectSection(SolutionItems) = preProject
		..\..\Directory.Build.props = ..\..\Directory.Build.props
		..\..\..\..\Directory.Build.targets = ..\..\..\..\Directory.Build.targets
		..\..\..\..\global.json = ..\..\..\..\global.json
		..\..\..\..\Packages\Versions.Local.props = ..\..\..\..\Packages\Versions.Local.props
	EndProjectSection
EndProject
Project("{FAE04EC0-301F-11D3-BF4B-00C04F79EFBC}") = "Dgmjr.Mime", "..\Http\Mime\Dgmjr.Mime.csproj", "{CD887D25-8354-4BD2-AD5F-D3AF63B7237F}"
EndProject
Project("{FAE04EC0-301F-11D3-BF4B-00C04F79EFBC}") = "Dgmjr.Http.StatusCodes", "..\Http\ResponseCodes\Dgmjr.Http.StatusCodes.csproj", "{0BE328E0-0AF8-43B5-BAF0-4E1B6891DD6A}"
EndProject
Project("{FAE04EC0-301F-11D3-BF4B-00C04F79EFBC}") = "Dgmjr.AspNetCore.Mvc.Polyfills", "..\Mvc.Polyfills\Dgmjr.AspNetCore.Mvc.Polyfills.csproj", "{1E6B8B2A-68C0-47B9-9D29-DD87B90D170A}"
EndProject
Project("{FAE04EC0-301F-11D3-BF4B-00C04F79EFBC}") = "Dgmjr.AspNetCore.Mvc", "Dgmjr.AspNetCore.Mvc.csproj", "{463260AF-8E29-4BBB-AE02-5766966AC651}"
EndProject
Global
	GlobalSection(SolutionConfigurationPlatforms) = preSolution
		Local|Any CPU = Local|Any CPU
		Debug|Any CPU = Debug|Any CPU
		Testing|Any CPU = Testing|Any CPU
		Staging|Any CPU = Staging|Any CPU
		Production|Any CPU = Production|Any CPU
		Release|Any CPU = Release|Any CPU
	EndGlobalSection
	GlobalSection(ProjectConfigurationPlatforms) = postSolution
		{CD887D25-8354-4BD2-AD5F-D3AF63B7237F}.Local|Any CPU.ActiveCfg = Local|Any CPU
		{CD887D25-8354-4BD2-AD5F-D3AF63B7237F}.Local|Any CPU.Build.0 = Local|Any CPU
		{CD887D25-8354-4BD2-AD5F-D3AF63B7237F}.Debug|Any CPU.ActiveCfg = Debug|Any CPU
		{CD887D25-8354-4BD2-AD5F-D3AF63B7237F}.Debug|Any CPU.Build.0 = Debug|Any CPU
		{CD887D25-8354-4BD2-AD5F-D3AF63B7237F}.Testing|Any CPU.ActiveCfg = Testing|Any CPU
		{CD887D25-8354-4BD2-AD5F-D3AF63B7237F}.Testing|Any CPU.Build.0 = Testing|Any CPU
		{CD887D25-8354-4BD2-AD5F-D3AF63B7237F}.Staging|Any CPU.ActiveCfg = Staging|Any CPU
		{CD887D25-8354-4BD2-AD5F-D3AF63B7237F}.Staging|Any CPU.Build.0 = Staging|Any CPU
		{CD887D25-8354-4BD2-AD5F-D3AF63B7237F}.Production|Any CPU.ActiveCfg = Local|Any CPU
		{CD887D25-8354-4BD2-AD5F-D3AF63B7237F}.Production|Any CPU.Build.0 = Local|Any CPU
		{CD887D25-8354-4BD2-AD5F-D3AF63B7237F}.Release|Any CPU.ActiveCfg = Release|Any CPU
		{CD887D25-8354-4BD2-AD5F-D3AF63B7237F}.Release|Any CPU.Build.0 = Release|Any CPU
		{0BE328E0-0AF8-43B5-BAF0-4E1B6891DD6A}.Local|Any CPU.ActiveCfg = Local|Any CPU
		{0BE328E0-0AF8-43B5-BAF0-4E1B6891DD6A}.Local|Any CPU.Build.0 = Local|Any CPU
		{0BE328E0-0AF8-43B5-BAF0-4E1B6891DD6A}.Debug|Any CPU.ActiveCfg = Debug|Any CPU
		{0BE328E0-0AF8-43B5-BAF0-4E1B6891DD6A}.Debug|Any CPU.Build.0 = Debug|Any CPU
		{0BE328E0-0AF8-43B5-BAF0-4E1B6891DD6A}.Testing|Any CPU.ActiveCfg = Testing|Any CPU
		{0BE328E0-0AF8-43B5-BAF0-4E1B6891DD6A}.Testing|Any CPU.Build.0 = Testing|Any CPU
		{0BE328E0-0AF8-43B5-BAF0-4E1B6891DD6A}.Staging|Any CPU.ActiveCfg = Staging|Any CPU
		{0BE328E0-0AF8-43B5-BAF0-4E1B6891DD6A}.Staging|Any CPU.Build.0 = Staging|Any CPU
		{0BE328E0-0AF8-43B5-BAF0-4E1B6891DD6A}.Production|Any CPU.ActiveCfg = Local|Any CPU
		{0BE328E0-0AF8-43B5-BAF0-4E1B6891DD6A}.Production|Any CPU.Build.0 = Local|Any CPU
		{0BE328E0-0AF8-43B5-BAF0-4E1B6891DD6A}.Release|Any CPU.ActiveCfg = Release|Any CPU
		{0BE328E0-0AF8-43B5-BAF0-4E1B6891DD6A}.Release|Any CPU.Build.0 = Release|Any CPU
		{1E6B8B2A-68C0-47B9-9D29-DD87B90D170A}.Local|Any CPU.ActiveCfg = Local|Any CPU
		{1E6B8B2A-68C0-47B9-9D29-DD87B90D170A}.Local|Any CPU.Build.0 = Local|Any CPU
		{1E6B8B2A-68C0-47B9-9D29-DD87B90D170A}.Debug|Any CPU.ActiveCfg = Debug|Any CPU
		{1E6B8B2A-68C0-47B9-9D29-DD87B90D170A}.Debug|Any CPU.Build.0 = Debug|Any CPU
		{1E6B8B2A-68C0-47B9-9D29-DD87B90D170A}.Testing|Any CPU.ActiveCfg = Testing|Any CPU
		{1E6B8B2A-68C0-47B9-9D29-DD87B90D170A}.Testing|Any CPU.Build.0 = Testing|Any CPU
		{1E6B8B2A-68C0-47B9-9D29-DD87B90D170A}.Staging|Any CPU.ActiveCfg = Staging|Any CPU
		{1E6B8B2A-68C0-47B9-9D29-DD87B90D170A}.Staging|Any CPU.Build.0 = Staging|Any CPU
		{1E6B8B2A-68C0-47B9-9D29-DD87B90D170A}.Production|Any CPU.ActiveCfg = Local|Any CPU
		{1E6B8B2A-68C0-47B9-9D29-DD87B90D170A}.Production|Any CPU.Build.0 = Local|Any CPU
		{1E6B8B2A-68C0-47B9-9D29-DD87B90D170A}.Release|Any CPU.ActiveCfg = Release|Any CPU
		{1E6B8B2A-68C0-47B9-9D29-DD87B90D170A}.Release|Any CPU.Build.0 = Release|Any CPU
		{463260AF-8E29-4BBB-AE02-5766966AC651}.Local|Any CPU.ActiveCfg = Local|Any CPU
		{463260AF-8E29-4BBB-AE02-5766966AC651}.Local|Any CPU.Build.0 = Local|Any CPU
		{463260AF-8E29-4BBB-AE02-5766966AC651}.Debug|Any CPU.ActiveCfg = Debug|Any CPU
		{463260AF-8E29-4BBB-AE02-5766966AC651}.Debug|Any CPU.Build.0 = Debug|Any CPU
		{463260AF-8E29-4BBB-AE02-5766966AC651}.Testing|Any CPU.ActiveCfg = Testing|Any CPU
		{463260AF-8E29-4BBB-AE02-5766966AC651}.Testing|Any CPU.Build.0 = Testing|Any CPU
		{463260AF-8E29-4BBB-AE02-5766966AC651}.Staging|Any CPU.ActiveCfg = Staging|Any CPU
		{463260AF-8E29-4BBB-AE02-5766966AC651}.Staging|Any CPU.Build.0 = Staging|Any CPU
		{463260AF-8E29-4BBB-AE02-5766966AC651}.Production|Any CPU.ActiveCfg = Local|Any CPU
		{463260AF-8E29-4BBB-AE02-5766966AC651}.Production|Any CPU.Build.0 = Local|Any CPU
		{463260AF-8E29-4BBB-AE02-5766966AC651}.Release|Any CPU.ActiveCfg = Release|Any CPU
		{463260AF-8E29-4BBB-AE02-5766966AC651}.Release|Any CPU.Build.0 = Release|Any CPU
	EndGlobalSection
	GlobalSection(SolutionProperties) = preSolution
		HideSolutionNode = FALSE
	EndGlobalSection
	GlobalSection(ExtensibilityGlobals) = postSolution
		SolutionGuid = {F2976566-223F-4393-9A1E-BB8EA5953CED}
	EndGlobalSection
EndGlobal
