Microsoft Visual Studio Solution File, Format Version 12.00
# 
Project("{2150E333-8FDC-42A3-9474-1A3956D46DE8}") = "Solution Items", "Solution Items", "{B283EBC2-E01F-412D-9339-FD56EF114549}"
	ProjectSection(SolutionItems) = preProject
		..\..\..\..\..\Directory.Build.props = ..\..\..\..\..\Directory.Build.props
		..\..\..\..\..\Directory.Build.targets = ..\..\..\..\..\Directory.Build.targets
		..\..\..\..\..\global.json = ..\..\..\..\..\global.json
		..\..\..\..\..\Packages\Versions.Local.props = ..\..\..\..\..\Packages\Versions.Local.props
	EndProjectSection
EndProject
Project("{FAE04EC0-301F-11D3-BF4B-00C04F79EFBC}") = "Dgmjr.Mime", "..\Mime\Dgmjr.Mime.csproj", "{3FBE8981-69DB-4278-A397-6B0662F41D39}"
EndProject
Project("{FAE04EC0-301F-11D3-BF4B-00C04F79EFBC}") = "Dgmjr.Http.Headers", "..\Headers\Dgmjr.Http.Headers.csproj", "{FA273B07-5012-42C0-A7FE-242F85FCF87E}"
EndProject
Project("{FAE04EC0-301F-11D3-BF4B-00C04F79EFBC}") = "Dgmjr.Http.Extensions", "Dgmjr.Http.Extensions.csproj", "{F52D8A04-CD74-4A5D-900F-9DF28DCCE542}"
EndProject
Global
	GlobalSection(SolutionConfigurationPlatforms) = preSolution
		Local|Any CPU = Local|Any CPU
		Debug|Any CPU = Debug|Any CPU
		Testing|Any CPU = Testing|Any CPU
		Staging|Any CPU = Staging|Any CPU
		Production|Any CPU = Production|Any CPU
		Release|Any CPU = Release|Any CPU
	EndGlobalSection
	GlobalSection(ProjectConfigurationPlatforms) = postSolution
		{3FBE8981-69DB-4278-A397-6B0662F41D39}.Local|Any CPU.ActiveCfg = Local|Any CPU
		{3FBE8981-69DB-4278-A397-6B0662F41D39}.Local|Any CPU.Build.0 = Local|Any CPU
		{3FBE8981-69DB-4278-A397-6B0662F41D39}.Debug|Any CPU.ActiveCfg = Debug|Any CPU
		{3FBE8981-69DB-4278-A397-6B0662F41D39}.Debug|Any CPU.Build.0 = Debug|Any CPU
		{3FBE8981-69DB-4278-A397-6B0662F41D39}.Testing|Any CPU.ActiveCfg = Testing|Any CPU
		{3FBE8981-69DB-4278-A397-6B0662F41D39}.Testing|Any CPU.Build.0 = Testing|Any CPU
		{3FBE8981-69DB-4278-A397-6B0662F41D39}.Staging|Any CPU.ActiveCfg = Staging|Any CPU
		{3FBE8981-69DB-4278-A397-6B0662F41D39}.Staging|Any CPU.Build.0 = Staging|Any CPU
		{3FBE8981-69DB-4278-A397-6B0662F41D39}.Production|Any CPU.ActiveCfg = Local|Any CPU
		{3FBE8981-69DB-4278-A397-6B0662F41D39}.Production|Any CPU.Build.0 = Local|Any CPU
		{3FBE8981-69DB-4278-A397-6B0662F41D39}.Release|Any CPU.ActiveCfg = Release|Any CPU
		{3FBE8981-69DB-4278-A397-6B0662F41D39}.Release|Any CPU.Build.0 = Release|Any CPU
		{FA273B07-5012-42C0-A7FE-242F85FCF87E}.Local|Any CPU.ActiveCfg = Local|Any CPU
		{FA273B07-5012-42C0-A7FE-242F85FCF87E}.Local|Any CPU.Build.0 = Local|Any CPU
		{FA273B07-5012-42C0-A7FE-242F85FCF87E}.Debug|Any CPU.ActiveCfg = Debug|Any CPU
		{FA273B07-5012-42C0-A7FE-242F85FCF87E}.Debug|Any CPU.Build.0 = Debug|Any CPU
		{FA273B07-5012-42C0-A7FE-242F85FCF87E}.Testing|Any CPU.ActiveCfg = Testing|Any CPU
		{FA273B07-5012-42C0-A7FE-242F85FCF87E}.Testing|Any CPU.Build.0 = Testing|Any CPU
		{FA273B07-5012-42C0-A7FE-242F85FCF87E}.Staging|Any CPU.ActiveCfg = Staging|Any CPU
		{FA273B07-5012-42C0-A7FE-242F85FCF87E}.Staging|Any CPU.Build.0 = Staging|Any CPU
		{FA273B07-5012-42C0-A7FE-242F85FCF87E}.Production|Any CPU.ActiveCfg = Local|Any CPU
		{FA273B07-5012-42C0-A7FE-242F85FCF87E}.Production|Any CPU.Build.0 = Local|Any CPU
		{FA273B07-5012-42C0-A7FE-242F85FCF87E}.Release|Any CPU.ActiveCfg = Release|Any CPU
		{FA273B07-5012-42C0-A7FE-242F85FCF87E}.Release|Any CPU.Build.0 = Release|Any CPU
		{F52D8A04-CD74-4A5D-900F-9DF28DCCE542}.Local|Any CPU.ActiveCfg = Local|Any CPU
		{F52D8A04-CD74-4A5D-900F-9DF28DCCE542}.Local|Any CPU.Build.0 = Local|Any CPU
		{F52D8A04-CD74-4A5D-900F-9DF28DCCE542}.Debug|Any CPU.ActiveCfg = Debug|Any CPU
		{F52D8A04-CD74-4A5D-900F-9DF28DCCE542}.Debug|Any CPU.Build.0 = Debug|Any CPU
		{F52D8A04-CD74-4A5D-900F-9DF28DCCE542}.Testing|Any CPU.ActiveCfg = Testing|Any CPU
		{F52D8A04-CD74-4A5D-900F-9DF28DCCE542}.Testing|Any CPU.Build.0 = Testing|Any CPU
		{F52D8A04-CD74-4A5D-900F-9DF28DCCE542}.Staging|Any CPU.ActiveCfg = Staging|Any CPU
		{F52D8A04-CD74-4A5D-900F-9DF28DCCE542}.Staging|Any CPU.Build.0 = Staging|Any CPU
		{F52D8A04-CD74-4A5D-900F-9DF28DCCE542}.Production|Any CPU.ActiveCfg = Local|Any CPU
		{F52D8A04-CD74-4A5D-900F-9DF28DCCE542}.Production|Any CPU.Build.0 = Local|Any CPU
		{F52D8A04-CD74-4A5D-900F-9DF28DCCE542}.Release|Any CPU.ActiveCfg = Release|Any CPU
		{F52D8A04-CD74-4A5D-900F-9DF28DCCE542}.Release|Any CPU.Build.0 = Release|Any CPU
	EndGlobalSection
	GlobalSection(SolutionProperties) = preSolution
		HideSolutionNode = FALSE
	EndGlobalSection
	GlobalSection(ExtensibilityGlobals) = postSolution
		SolutionGuid = {944BC357-387B-4B94-BFF5-C8984064E011}
	EndGlobalSection
EndGlobal
